// !$*UTF8*$!
{
	archiveVersion = 1;
	classes = {
	};
	objectVersion = 46;
	objects = {

/* Begin PBXAggregateTarget section */
		31DE14476A774EDFB4D8ECF9 /* ALL_BUILD */ = {
			isa = PBXAggregateTarget;
			buildConfigurationList = 7CFB504D92D64FD997D185CF /* Build configuration list for PBXAggregateTarget "ALL_BUILD" */;
			buildPhases = (
				23515AAF8B28775135D8DA9D /* Generate CMakeFiles/ALL_BUILD */,
			);
			dependencies = (
				D244ECE28E254581ACF5A51E /* PBXTargetDependency */,
				06BDFB4D4E05459EB4AE00F1 /* PBXTargetDependency */,
			);
			name = ALL_BUILD;
			productName = ALL_BUILD;
		};
		7D63E1C13B274AD8A909804F /* install */ = {
			isa = PBXAggregateTarget;
			buildConfigurationList = 8F3415506AE04A078E094291 /* Build configuration list for PBXAggregateTarget "install" */;
			buildPhases = (
				93426DA6A4AC2C2AC9CE883C /* CMake PostBuild Rules */,
			);
			dependencies = (
				AD306A00CED244CCAD3B0876 /* PBXTargetDependency */,
			);
			name = install;
			productName = install;
		};
		B66A5DD485BD4112A3CC8D39 /* ZERO_CHECK */ = {
			isa = PBXAggregateTarget;
			buildConfigurationList = 0E559E8CA3DC4E9F8E9C95F1 /* Build configuration list for PBXAggregateTarget "ZERO_CHECK" */;
			buildPhases = (
				11674583525B71DBA50AD0A3 /* Generate CMakeFiles/ZERO_CHECK */,
			);
			dependencies = (
			);
			name = ZERO_CHECK;
			productName = ZERO_CHECK;
		};
/* End PBXAggregateTarget section */

/* Begin PBXBuildFile section */
		0D22E2C7D2284A1495731E9C /* /Users/imankonjo2020/Documents/CS_184_Foundation_of_Computer_Graphics_and_Imaging/p4-clothsim-sp22-almost-done/ext/nanogui/ext/glfw/src/input.c */ = {isa = PBXBuildFile; fileRef = 4837856BC34B4CAF823B1FB2 /* /Users/imankonjo2020/Documents/CS_184_Foundation_of_Computer_Graphics_and_Imaging/p4-clothsim-sp22-almost-done/ext/nanogui/ext/glfw/src/input.c */; };
		1304B4A8F59A4A58A9013084 /* /Users/imankonjo2020/Documents/CS_184_Foundation_of_Computer_Graphics_and_Imaging/p4-clothsim-sp22-almost-done/ext/nanogui/ext/glfw/src/vulkan.c */ = {isa = PBXBuildFile; fileRef = E5A2A07BD1E241548DE6CC56 /* /Users/imankonjo2020/Documents/CS_184_Foundation_of_Computer_Graphics_and_Imaging/p4-clothsim-sp22-almost-done/ext/nanogui/ext/glfw/src/vulkan.c */; };
		15623EBD533A4859A8E59BCE /* /Users/imankonjo2020/Documents/CS_184_Foundation_of_Computer_Graphics_and_Imaging/p4-clothsim-sp22-almost-done/ext/nanogui/ext/glfw/src/cocoa_window.m */ = {isa = PBXBuildFile; fileRef = E1C14B3AF4204720B4F6924D /* /Users/imankonjo2020/Documents/CS_184_Foundation_of_Computer_Graphics_and_Imaging/p4-clothsim-sp22-almost-done/ext/nanogui/ext/glfw/src/cocoa_window.m */; };
		18DAD4825B944E158C4CD8B4 /* /Users/imankonjo2020/Documents/CS_184_Foundation_of_Computer_Graphics_and_Imaging/p4-clothsim-sp22-almost-done/ext/nanogui/ext/glfw/src/cocoa_joystick.h */ = {isa = PBXBuildFile; fileRef = DBD2B37E94574AE28A51A282 /* /Users/imankonjo2020/Documents/CS_184_Foundation_of_Computer_Graphics_and_Imaging/p4-clothsim-sp22-almost-done/ext/nanogui/ext/glfw/src/cocoa_joystick.h */; };
		23D33D5B1AA948808F193E7E /* /Users/imankonjo2020/Documents/CS_184_Foundation_of_Computer_Graphics_and_Imaging/p4-clothsim-sp22-almost-done/ext/nanogui/ext/glfw/src/cocoa_init.m */ = {isa = PBXBuildFile; fileRef = C279BAF5005845BBBA36CBE4 /* /Users/imankonjo2020/Documents/CS_184_Foundation_of_Computer_Graphics_and_Imaging/p4-clothsim-sp22-almost-done/ext/nanogui/ext/glfw/src/cocoa_init.m */; };
		28CBADB54ACE4EBF85FC8A99 /* /Users/imankonjo2020/Documents/CS_184_Foundation_of_Computer_Graphics_and_Imaging/p4-clothsim-sp22-almost-done/ext/nanogui/ext/glfw/include/GLFW/glfw3.h */ = {isa = PBXBuildFile; fileRef = BFB2E61E0D304FEDBF22CF4A /* /Users/imankonjo2020/Documents/CS_184_Foundation_of_Computer_Graphics_and_Imaging/p4-clothsim-sp22-almost-done/ext/nanogui/ext/glfw/include/GLFW/glfw3.h */; };
		4094EB501ACB4217A1F01EEF /* /Users/imankonjo2020/Documents/CS_184_Foundation_of_Computer_Graphics_and_Imaging/p4-clothsim-sp22-almost-done/ext/nanogui/ext/glfw/src/context.c */ = {isa = PBXBuildFile; fileRef = 70D8E86D4A27424F8543DDAA /* /Users/imankonjo2020/Documents/CS_184_Foundation_of_Computer_Graphics_and_Imaging/p4-clothsim-sp22-almost-done/ext/nanogui/ext/glfw/src/context.c */; };
		473E6C453B8A4920A3554A16 /* /Users/imankonjo2020/Documents/CS_184_Foundation_of_Computer_Graphics_and_Imaging/p4-clothsim-sp22-almost-done/xcode/ext/nanogui/ext_build/glfw/src/glfw_config.h */ = {isa = PBXBuildFile; fileRef = A0CCE900B5054842AE17F4FC /* /Users/imankonjo2020/Documents/CS_184_Foundation_of_Computer_Graphics_and_Imaging/p4-clothsim-sp22-almost-done/xcode/ext/nanogui/ext_build/glfw/src/glfw_config.h */; };
		479499D6B66D42E4899A812C /* /Users/imankonjo2020/Documents/CS_184_Foundation_of_Computer_Graphics_and_Imaging/p4-clothsim-sp22-almost-done/ext/nanogui/ext/glfw/src/cocoa_joystick.m */ = {isa = PBXBuildFile; fileRef = 75DAF797826A486E9335F54D /* /Users/imankonjo2020/Documents/CS_184_Foundation_of_Computer_Graphics_and_Imaging/p4-clothsim-sp22-almost-done/ext/nanogui/ext/glfw/src/cocoa_joystick.m */; };
		4F3E3044187941BC9B61E709 /* /Users/imankonjo2020/Documents/CS_184_Foundation_of_Computer_Graphics_and_Imaging/p4-clothsim-sp22-almost-done/ext/nanogui/ext/glfw/src/posix_tls.h */ = {isa = PBXBuildFile; fileRef = 5485B216B3FC4D6896645674 /* /Users/imankonjo2020/Documents/CS_184_Foundation_of_Computer_Graphics_and_Imaging/p4-clothsim-sp22-almost-done/ext/nanogui/ext/glfw/src/posix_tls.h */; };
		5823C6DC553B4D0C91AB0FF9 /* /Users/imankonjo2020/Documents/CS_184_Foundation_of_Computer_Graphics_and_Imaging/p4-clothsim-sp22-almost-done/ext/nanogui/ext/glfw/src/internal.h */ = {isa = PBXBuildFile; fileRef = 66B31B7EEA794FFFA3820964 /* /Users/imankonjo2020/Documents/CS_184_Foundation_of_Computer_Graphics_and_Imaging/p4-clothsim-sp22-almost-done/ext/nanogui/ext/glfw/src/internal.h */; };
		662B056B75B14E0F80A8716A /* /Users/imankonjo2020/Documents/CS_184_Foundation_of_Computer_Graphics_and_Imaging/p4-clothsim-sp22-almost-done/ext/nanogui/ext/glfw/src/init.c */ = {isa = PBXBuildFile; fileRef = 7DB086A3B88D438FA8D95068 /* /Users/imankonjo2020/Documents/CS_184_Foundation_of_Computer_Graphics_and_Imaging/p4-clothsim-sp22-almost-done/ext/nanogui/ext/glfw/src/init.c */; };
		74625D7533874591A559D5AA /* /Users/imankonjo2020/Documents/CS_184_Foundation_of_Computer_Graphics_and_Imaging/p4-clothsim-sp22-almost-done/ext/nanogui/ext/glfw/src/cocoa_platform.h */ = {isa = PBXBuildFile; fileRef = F812541E0CBB4A408F92D941 /* /Users/imankonjo2020/Documents/CS_184_Foundation_of_Computer_Graphics_and_Imaging/p4-clothsim-sp22-almost-done/ext/nanogui/ext/glfw/src/cocoa_platform.h */; };
		8814949F561B4242B10CBDED /* /Users/imankonjo2020/Documents/CS_184_Foundation_of_Computer_Graphics_and_Imaging/p4-clothsim-sp22-almost-done/ext/nanogui/ext/glfw/src/CMakeLists.txt */ = {isa = PBXBuildFile; fileRef = 0346FA8AC94541FB9D275209 /* /Users/imankonjo2020/Documents/CS_184_Foundation_of_Computer_Graphics_and_Imaging/p4-clothsim-sp22-almost-done/ext/nanogui/ext/glfw/src/CMakeLists.txt */; };
		8C5C3EB4BBAC4E16A3C291F6 /* /Users/imankonjo2020/Documents/CS_184_Foundation_of_Computer_Graphics_and_Imaging/p4-clothsim-sp22-almost-done/ext/nanogui/ext/glfw/src/nsgl_context.h */ = {isa = PBXBuildFile; fileRef = D4D93BFCACF844BA80CC4982 /* /Users/imankonjo2020/Documents/CS_184_Foundation_of_Computer_Graphics_and_Imaging/p4-clothsim-sp22-almost-done/ext/nanogui/ext/glfw/src/nsgl_context.h */; };
		91A31B05ED6D4AAF84C76F93 /* /Users/imankonjo2020/Documents/CS_184_Foundation_of_Computer_Graphics_and_Imaging/p4-clothsim-sp22-almost-done/ext/nanogui/ext/glfw/src/posix_tls.c */ = {isa = PBXBuildFile; fileRef = 9E4AE81C3FDC43C184B22914 /* /Users/imankonjo2020/Documents/CS_184_Foundation_of_Computer_Graphics_and_Imaging/p4-clothsim-sp22-almost-done/ext/nanogui/ext/glfw/src/posix_tls.c */; };
		942BE015310B43EBBB1981A3 /* /Users/imankonjo2020/Documents/CS_184_Foundation_of_Computer_Graphics_and_Imaging/p4-clothsim-sp22-almost-done/ext/nanogui/ext/glfw/src/window.c */ = {isa = PBXBuildFile; fileRef = 87F1D905C9974E308610BAEE /* /Users/imankonjo2020/Documents/CS_184_Foundation_of_Computer_Graphics_and_Imaging/p4-clothsim-sp22-almost-done/ext/nanogui/ext/glfw/src/window.c */; };
		9DECCE0C01B24022B5ECB8D1 /* /Users/imankonjo2020/Documents/CS_184_Foundation_of_Computer_Graphics_and_Imaging/p4-clothsim-sp22-almost-done/ext/nanogui/ext/glfw/src/cocoa_time.c */ = {isa = PBXBuildFile; fileRef = 02E8F7C636764A10826DE1E7 /* /Users/imankonjo2020/Documents/CS_184_Foundation_of_Computer_Graphics_and_Imaging/p4-clothsim-sp22-almost-done/ext/nanogui/ext/glfw/src/cocoa_time.c */; };
		BCE7F5B7F1D446598CCBEAE9 /* /Users/imankonjo2020/Documents/CS_184_Foundation_of_Computer_Graphics_and_Imaging/p4-clothsim-sp22-almost-done/ext/nanogui/ext/glfw/src/cocoa_monitor.m */ = {isa = PBXBuildFile; fileRef = AC330F10DD294B2785E2E974 /* /Users/imankonjo2020/Documents/CS_184_Foundation_of_Computer_Graphics_and_Imaging/p4-clothsim-sp22-almost-done/ext/nanogui/ext/glfw/src/cocoa_monitor.m */; };
		D48EBC7D0CB8462B977A3352 /* /Users/imankonjo2020/Documents/CS_184_Foundation_of_Computer_Graphics_and_Imaging/p4-clothsim-sp22-almost-done/ext/nanogui/ext/glfw/src/nsgl_context.m */ = {isa = PBXBuildFile; fileRef = 201AC16999A24131B81F3405 /* /Users/imankonjo2020/Documents/CS_184_Foundation_of_Computer_Graphics_and_Imaging/p4-clothsim-sp22-almost-done/ext/nanogui/ext/glfw/src/nsgl_context.m */; };
		DF85B5915071412EB0C4D425 /* /Users/imankonjo2020/Documents/CS_184_Foundation_of_Computer_Graphics_and_Imaging/p4-clothsim-sp22-almost-done/ext/nanogui/ext/glfw/src/monitor.c */ = {isa = PBXBuildFile; fileRef = BB5EE39A9DC64C6A96FD451F /* /Users/imankonjo2020/Documents/CS_184_Foundation_of_Computer_Graphics_and_Imaging/p4-clothsim-sp22-almost-done/ext/nanogui/ext/glfw/src/monitor.c */; };
		F46FA2DA4BA9420A82CE82AA /* /Users/imankonjo2020/Documents/CS_184_Foundation_of_Computer_Graphics_and_Imaging/p4-clothsim-sp22-almost-done/ext/nanogui/ext/glfw/include/GLFW/glfw3native.h */ = {isa = PBXBuildFile; fileRef = F9AD81058B6F4DFBB45ED718 /* /Users/imankonjo2020/Documents/CS_184_Foundation_of_Computer_Graphics_and_Imaging/p4-clothsim-sp22-almost-done/ext/nanogui/ext/glfw/include/GLFW/glfw3native.h */; };
		F584FEE436EF4D35BC90D0B9 /* /Users/imankonjo2020/Documents/CS_184_Foundation_of_Computer_Graphics_and_Imaging/p4-clothsim-sp22-almost-done/ext/nanogui/ext/glfw/src/CMakeLists.txt */ = {isa = PBXBuildFile; fileRef = E17E3870F94C454284F319C3 /* /Users/imankonjo2020/Documents/CS_184_Foundation_of_Computer_Graphics_and_Imaging/p4-clothsim-sp22-almost-done/ext/nanogui/ext/glfw/src/CMakeLists.txt */; };
/* End PBXBuildFile section */

/* Begin PBXBuildStyle section */
		34D1D6B1CCC2413D84279984 /* RelWithDebInfo */ = {
			isa = PBXBuildStyle;
			buildSettings = {
				COPY_PHASE_STRIP = NO;
			};
			name = RelWithDebInfo;
		};
		7F9A3F52E0C8445296E67D39 /* Debug */ = {
			isa = PBXBuildStyle;
			buildSettings = {
				COPY_PHASE_STRIP = NO;
			};
			name = Debug;
		};
		C026FB3387CD4CD3A6C0E2C2 /* Release */ = {
			isa = PBXBuildStyle;
			buildSettings = {
				COPY_PHASE_STRIP = NO;
			};
			name = Release;
		};
		EE4DA764CA2747E2A6130C7E /* MinSizeRel */ = {
			isa = PBXBuildStyle;
			buildSettings = {
				COPY_PHASE_STRIP = NO;
			};
			name = MinSizeRel;
		};
/* End PBXBuildStyle section */

/* Begin PBXContainerItemProxy section */
		0A2B8F3C6C7B487BBB4B402E /* PBXContainerItemProxy */ = {
			isa = PBXContainerItemProxy;
			containerPortal = 669F600252BE4B84B6478E39 /* Project object */;
			proxyType = 1;
			remoteGlobalIDString = 53E927202591417DAED717BD;
			remoteInfo = glfw_objects;
		};
		34DB195380E747C0A9A5645B /* PBXContainerItemProxy */ = {
			isa = PBXContainerItemProxy;
			containerPortal = 669F600252BE4B84B6478E39 /* Project object */;
			proxyType = 1;
			remoteGlobalIDString = 53E927202591417DAED717BD;
			remoteInfo = glfw_objects;
		};
		473E5913290E48ACB32FF5F1 /* PBXContainerItemProxy */ = {
			isa = PBXContainerItemProxy;
			containerPortal = 669F600252BE4B84B6478E39 /* Project object */;
			proxyType = 1;
			remoteGlobalIDString = 31DE14476A774EDFB4D8ECF9;
			remoteInfo = ALL_BUILD;
		};
		D39657C619CF488AB5ECF715 /* PBXContainerItemProxy */ = {
			isa = PBXContainerItemProxy;
			containerPortal = 669F600252BE4B84B6478E39 /* Project object */;
			proxyType = 1;
			remoteGlobalIDString = B66A5DD485BD4112A3CC8D39;
			remoteInfo = ZERO_CHECK;
		};
/* End PBXContainerItemProxy section */

/* Begin PBXFileReference section */
		02E8F7C636764A10826DE1E7 /* /Users/imankonjo2020/Documents/CS_184_Foundation_of_Computer_Graphics_and_Imaging/p4-clothsim-sp22-almost-done/ext/nanogui/ext/glfw/src/cocoa_time.c */ = {isa = PBXFileReference; explicitFileType = sourcecode.c.c; fileEncoding = 4; name = cocoa_time.c; path = src/cocoa_time.c; sourceTree = SOURCE_ROOT; };
		0346FA8AC94541FB9D275209 /* /Users/imankonjo2020/Documents/CS_184_Foundation_of_Computer_Graphics_and_Imaging/p4-clothsim-sp22-almost-done/ext/nanogui/ext/glfw/src/CMakeLists.txt */ = {isa = PBXFileReference; explicitFileType = sourcecode.text; fileEncoding = 4; name = CMakeLists.txt; path = src/CMakeLists.txt; sourceTree = SOURCE_ROOT; };
		201AC16999A24131B81F3405 /* /Users/imankonjo2020/Documents/CS_184_Foundation_of_Computer_Graphics_and_Imaging/p4-clothsim-sp22-almost-done/ext/nanogui/ext/glfw/src/nsgl_context.m */ = {isa = PBXFileReference; explicitFileType = sourcecode.c.objc; fileEncoding = 4; name = nsgl_context.m; path = src/nsgl_context.m; sourceTree = SOURCE_ROOT; };
		4837856BC34B4CAF823B1FB2 /* /Users/imankonjo2020/Documents/CS_184_Foundation_of_Computer_Graphics_and_Imaging/p4-clothsim-sp22-almost-done/ext/nanogui/ext/glfw/src/input.c */ = {isa = PBXFileReference; explicitFileType = sourcecode.c.c; fileEncoding = 4; name = input.c; path = src/input.c; sourceTree = SOURCE_ROOT; };
		5485B216B3FC4D6896645674 /* /Users/imankonjo2020/Documents/CS_184_Foundation_of_Computer_Graphics_and_Imaging/p4-clothsim-sp22-almost-done/ext/nanogui/ext/glfw/src/posix_tls.h */ = {isa = PBXFileReference; explicitFileType = sourcecode.c.h; fileEncoding = 4; name = posix_tls.h; path = src/posix_tls.h; sourceTree = SOURCE_ROOT; };
		66B31B7EEA794FFFA3820964 /* /Users/imankonjo2020/Documents/CS_184_Foundation_of_Computer_Graphics_and_Imaging/p4-clothsim-sp22-almost-done/ext/nanogui/ext/glfw/src/internal.h */ = {isa = PBXFileReference; explicitFileType = sourcecode.c.h; fileEncoding = 4; name = internal.h; path = src/internal.h; sourceTree = SOURCE_ROOT; };
		6A264E8AC08E47B78790258F /* /Users/imankonjo2020/Documents/CS_184_Foundation_of_Computer_Graphics_and_Imaging/p4-clothsim-sp22-almost-done/ext/nanogui/ext/glfw/CMakeLists.txt */ = {isa = PBXFileReference; explicitFileType = sourcecode.text; fileEncoding = 4; name = CMakeLists.txt; path = CMakeLists.txt; sourceTree = SOURCE_ROOT; };
		70D8E86D4A27424F8543DDAA /* /Users/imankonjo2020/Documents/CS_184_Foundation_of_Computer_Graphics_and_Imaging/p4-clothsim-sp22-almost-done/ext/nanogui/ext/glfw/src/context.c */ = {isa = PBXFileReference; explicitFileType = sourcecode.c.c; fileEncoding = 4; name = context.c; path = src/context.c; sourceTree = SOURCE_ROOT; };
		75DAF797826A486E9335F54D /* /Users/imankonjo2020/Documents/CS_184_Foundation_of_Computer_Graphics_and_Imaging/p4-clothsim-sp22-almost-done/ext/nanogui/ext/glfw/src/cocoa_joystick.m */ = {isa = PBXFileReference; explicitFileType = sourcecode.c.objc; fileEncoding = 4; name = cocoa_joystick.m; path = src/cocoa_joystick.m; sourceTree = SOURCE_ROOT; };
		7DB086A3B88D438FA8D95068 /* /Users/imankonjo2020/Documents/CS_184_Foundation_of_Computer_Graphics_and_Imaging/p4-clothsim-sp22-almost-done/ext/nanogui/ext/glfw/src/init.c */ = {isa = PBXFileReference; explicitFileType = sourcecode.c.c; fileEncoding = 4; name = init.c; path = src/init.c; sourceTree = SOURCE_ROOT; };
		87F1D905C9974E308610BAEE /* /Users/imankonjo2020/Documents/CS_184_Foundation_of_Computer_Graphics_and_Imaging/p4-clothsim-sp22-almost-done/ext/nanogui/ext/glfw/src/window.c */ = {isa = PBXFileReference; explicitFileType = sourcecode.c.c; fileEncoding = 4; name = window.c; path = src/window.c; sourceTree = SOURCE_ROOT; };
		9E4AE81C3FDC43C184B22914 /* /Users/imankonjo2020/Documents/CS_184_Foundation_of_Computer_Graphics_and_Imaging/p4-clothsim-sp22-almost-done/ext/nanogui/ext/glfw/src/posix_tls.c */ = {isa = PBXFileReference; explicitFileType = sourcecode.c.c; fileEncoding = 4; name = posix_tls.c; path = src/posix_tls.c; sourceTree = SOURCE_ROOT; };
		A0CCE900B5054842AE17F4FC /* /Users/imankonjo2020/Documents/CS_184_Foundation_of_Computer_Graphics_and_Imaging/p4-clothsim-sp22-almost-done/xcode/ext/nanogui/ext_build/glfw/src/glfw_config.h */ = {isa = PBXFileReference; explicitFileType = sourcecode.c.h; fileEncoding = 4; name = glfw_config.h; path = ../../../../xcode/ext/nanogui/ext_build/glfw/src/glfw_config.h; sourceTree = SOURCE_ROOT; };
		AC330F10DD294B2785E2E974 /* /Users/imankonjo2020/Documents/CS_184_Foundation_of_Computer_Graphics_and_Imaging/p4-clothsim-sp22-almost-done/ext/nanogui/ext/glfw/src/cocoa_monitor.m */ = {isa = PBXFileReference; explicitFileType = sourcecode.c.objc; fileEncoding = 4; name = cocoa_monitor.m; path = src/cocoa_monitor.m; sourceTree = SOURCE_ROOT; };
		B318D3721A0A4BC0818B1E09 /* glfw_objects */ = {isa = PBXFileReference; explicitFileType = archive.ar; path = libglfw_objects.a; sourceTree = BUILT_PRODUCTS_DIR; };
		BB5EE39A9DC64C6A96FD451F /* /Users/imankonjo2020/Documents/CS_184_Foundation_of_Computer_Graphics_and_Imaging/p4-clothsim-sp22-almost-done/ext/nanogui/ext/glfw/src/monitor.c */ = {isa = PBXFileReference; explicitFileType = sourcecode.c.c; fileEncoding = 4; name = monitor.c; path = src/monitor.c; sourceTree = SOURCE_ROOT; };
		BFB2E61E0D304FEDBF22CF4A /* /Users/imankonjo2020/Documents/CS_184_Foundation_of_Computer_Graphics_and_Imaging/p4-clothsim-sp22-almost-done/ext/nanogui/ext/glfw/include/GLFW/glfw3.h */ = {isa = PBXFileReference; explicitFileType = sourcecode.c.h; fileEncoding = 4; name = glfw3.h; path = include/GLFW/glfw3.h; sourceTree = SOURCE_ROOT; };
		C279BAF5005845BBBA36CBE4 /* /Users/imankonjo2020/Documents/CS_184_Foundation_of_Computer_Graphics_and_Imaging/p4-clothsim-sp22-almost-done/ext/nanogui/ext/glfw/src/cocoa_init.m */ = {isa = PBXFileReference; explicitFileType = sourcecode.c.objc; fileEncoding = 4; name = cocoa_init.m; path = src/cocoa_init.m; sourceTree = SOURCE_ROOT; };
		D4D93BFCACF844BA80CC4982 /* /Users/imankonjo2020/Documents/CS_184_Foundation_of_Computer_Graphics_and_Imaging/p4-clothsim-sp22-almost-done/ext/nanogui/ext/glfw/src/nsgl_context.h */ = {isa = PBXFileReference; explicitFileType = sourcecode.c.h; fileEncoding = 4; name = nsgl_context.h; path = src/nsgl_context.h; sourceTree = SOURCE_ROOT; };
		D8D136581DE5467B934DFB29 /* glfw */ = {isa = PBXFileReference; explicitFileType = "compiled.mach-o.dylib"; path = libglfw.dylib; sourceTree = BUILT_PRODUCTS_DIR; };
		DBD2B37E94574AE28A51A282 /* /Users/imankonjo2020/Documents/CS_184_Foundation_of_Computer_Graphics_and_Imaging/p4-clothsim-sp22-almost-done/ext/nanogui/ext/glfw/src/cocoa_joystick.h */ = {isa = PBXFileReference; explicitFileType = sourcecode.c.h; fileEncoding = 4; name = cocoa_joystick.h; path = src/cocoa_joystick.h; sourceTree = SOURCE_ROOT; };
		E17E3870F94C454284F319C3 /* /Users/imankonjo2020/Documents/CS_184_Foundation_of_Computer_Graphics_and_Imaging/p4-clothsim-sp22-almost-done/ext/nanogui/ext/glfw/src/CMakeLists.txt */ = {isa = PBXFileReference; explicitFileType = sourcecode.text; fileEncoding = 4; name = CMakeLists.txt; path = src/CMakeLists.txt; sourceTree = SOURCE_ROOT; };
		E1C14B3AF4204720B4F6924D /* /Users/imankonjo2020/Documents/CS_184_Foundation_of_Computer_Graphics_and_Imaging/p4-clothsim-sp22-almost-done/ext/nanogui/ext/glfw/src/cocoa_window.m */ = {isa = PBXFileReference; explicitFileType = sourcecode.c.objc; fileEncoding = 4; name = cocoa_window.m; path = src/cocoa_window.m; sourceTree = SOURCE_ROOT; };
		E5A2A07BD1E241548DE6CC56 /* /Users/imankonjo2020/Documents/CS_184_Foundation_of_Computer_Graphics_and_Imaging/p4-clothsim-sp22-almost-done/ext/nanogui/ext/glfw/src/vulkan.c */ = {isa = PBXFileReference; explicitFileType = sourcecode.c.c; fileEncoding = 4; name = vulkan.c; path = src/vulkan.c; sourceTree = SOURCE_ROOT; };
		F812541E0CBB4A408F92D941 /* /Users/imankonjo2020/Documents/CS_184_Foundation_of_Computer_Graphics_and_Imaging/p4-clothsim-sp22-almost-done/ext/nanogui/ext/glfw/src/cocoa_platform.h */ = {isa = PBXFileReference; explicitFileType = sourcecode.c.h; fileEncoding = 4; name = cocoa_platform.h; path = src/cocoa_platform.h; sourceTree = SOURCE_ROOT; };
		F9AD81058B6F4DFBB45ED718 /* /Users/imankonjo2020/Documents/CS_184_Foundation_of_Computer_Graphics_and_Imaging/p4-clothsim-sp22-almost-done/ext/nanogui/ext/glfw/include/GLFW/glfw3native.h */ = {isa = PBXFileReference; explicitFileType = sourcecode.c.h; fileEncoding = 4; name = glfw3native.h; path = include/GLFW/glfw3native.h; sourceTree = SOURCE_ROOT; };
/* End PBXFileReference section */

/* Begin PBXFrameworksBuildPhase section */
		42C19310A7D24C8EB994FC62 /* Frameworks */ = {
			isa = PBXFrameworksBuildPhase;
			buildActionMask = 2147483647;
			files = (
			);
			runOnlyForDeploymentPostprocessing = 0;
		};
		F40AFBC54BA5410B811FD661 /* Frameworks */ = {
			isa = PBXFrameworksBuildPhase;
			buildActionMask = 2147483647;
			files = (
			);
			runOnlyForDeploymentPostprocessing = 0;
		};
/* End PBXFrameworksBuildPhase section */

/* Begin PBXGroup section */
		160EBEE687DD4C999A75C219 /* CMake Rules */ = {
			isa = PBXGroup;
			children = (
			);
			name = "CMake Rules";
			sourceTree = "<group>";
		};
		3891EF4BB42D4F239DA00CD5 /* Source Files */ = {
			isa = PBXGroup;
			children = (
				C279BAF5005845BBBA36CBE4 /* /Users/imankonjo2020/Documents/CS_184_Foundation_of_Computer_Graphics_and_Imaging/p4-clothsim-sp22-almost-done/ext/nanogui/ext/glfw/src/cocoa_init.m */,
				75DAF797826A486E9335F54D /* /Users/imankonjo2020/Documents/CS_184_Foundation_of_Computer_Graphics_and_Imaging/p4-clothsim-sp22-almost-done/ext/nanogui/ext/glfw/src/cocoa_joystick.m */,
				AC330F10DD294B2785E2E974 /* /Users/imankonjo2020/Documents/CS_184_Foundation_of_Computer_Graphics_and_Imaging/p4-clothsim-sp22-almost-done/ext/nanogui/ext/glfw/src/cocoa_monitor.m */,
				02E8F7C636764A10826DE1E7 /* /Users/imankonjo2020/Documents/CS_184_Foundation_of_Computer_Graphics_and_Imaging/p4-clothsim-sp22-almost-done/ext/nanogui/ext/glfw/src/cocoa_time.c */,
				E1C14B3AF4204720B4F6924D /* /Users/imankonjo2020/Documents/CS_184_Foundation_of_Computer_Graphics_and_Imaging/p4-clothsim-sp22-almost-done/ext/nanogui/ext/glfw/src/cocoa_window.m */,
				70D8E86D4A27424F8543DDAA /* /Users/imankonjo2020/Documents/CS_184_Foundation_of_Computer_Graphics_and_Imaging/p4-clothsim-sp22-almost-done/ext/nanogui/ext/glfw/src/context.c */,
				7DB086A3B88D438FA8D95068 /* /Users/imankonjo2020/Documents/CS_184_Foundation_of_Computer_Graphics_and_Imaging/p4-clothsim-sp22-almost-done/ext/nanogui/ext/glfw/src/init.c */,
				4837856BC34B4CAF823B1FB2 /* /Users/imankonjo2020/Documents/CS_184_Foundation_of_Computer_Graphics_and_Imaging/p4-clothsim-sp22-almost-done/ext/nanogui/ext/glfw/src/input.c */,
				BB5EE39A9DC64C6A96FD451F /* /Users/imankonjo2020/Documents/CS_184_Foundation_of_Computer_Graphics_and_Imaging/p4-clothsim-sp22-almost-done/ext/nanogui/ext/glfw/src/monitor.c */,
				201AC16999A24131B81F3405 /* /Users/imankonjo2020/Documents/CS_184_Foundation_of_Computer_Graphics_and_Imaging/p4-clothsim-sp22-almost-done/ext/nanogui/ext/glfw/src/nsgl_context.m */,
				9E4AE81C3FDC43C184B22914 /* /Users/imankonjo2020/Documents/CS_184_Foundation_of_Computer_Graphics_and_Imaging/p4-clothsim-sp22-almost-done/ext/nanogui/ext/glfw/src/posix_tls.c */,
				E5A2A07BD1E241548DE6CC56 /* /Users/imankonjo2020/Documents/CS_184_Foundation_of_Computer_Graphics_and_Imaging/p4-clothsim-sp22-almost-done/ext/nanogui/ext/glfw/src/vulkan.c */,
				87F1D905C9974E308610BAEE /* /Users/imankonjo2020/Documents/CS_184_Foundation_of_Computer_Graphics_and_Imaging/p4-clothsim-sp22-almost-done/ext/nanogui/ext/glfw/src/window.c */,
			);
			name = "Source Files";
			sourceTree = "<group>";
		};
		3BA62B7D245C4351A2723C9C /* Frameworks */ = {
			isa = PBXGroup;
			children = (
			);
			name = Frameworks;
			sourceTree = "<group>";
		};
		6B4CE1C607DB40EFAB38B175 /* glfw */ = {
			isa = PBXGroup;
			children = (
				E17E3870F94C454284F319C3 /* /Users/imankonjo2020/Documents/CS_184_Foundation_of_Computer_Graphics_and_Imaging/p4-clothsim-sp22-almost-done/ext/nanogui/ext/glfw/src/CMakeLists.txt */,
			);
			name = glfw;
			sourceTree = "<group>";
		};
		9AE23032E2164D698E69EDBC /* Header Files */ = {
			isa = PBXGroup;
			children = (
				BFB2E61E0D304FEDBF22CF4A /* /Users/imankonjo2020/Documents/CS_184_Foundation_of_Computer_Graphics_and_Imaging/p4-clothsim-sp22-almost-done/ext/nanogui/ext/glfw/include/GLFW/glfw3.h */,
				F9AD81058B6F4DFBB45ED718 /* /Users/imankonjo2020/Documents/CS_184_Foundation_of_Computer_Graphics_and_Imaging/p4-clothsim-sp22-almost-done/ext/nanogui/ext/glfw/include/GLFW/glfw3native.h */,
				DBD2B37E94574AE28A51A282 /* /Users/imankonjo2020/Documents/CS_184_Foundation_of_Computer_Graphics_and_Imaging/p4-clothsim-sp22-almost-done/ext/nanogui/ext/glfw/src/cocoa_joystick.h */,
				F812541E0CBB4A408F92D941 /* /Users/imankonjo2020/Documents/CS_184_Foundation_of_Computer_Graphics_and_Imaging/p4-clothsim-sp22-almost-done/ext/nanogui/ext/glfw/src/cocoa_platform.h */,
				66B31B7EEA794FFFA3820964 /* /Users/imankonjo2020/Documents/CS_184_Foundation_of_Computer_Graphics_and_Imaging/p4-clothsim-sp22-almost-done/ext/nanogui/ext/glfw/src/internal.h */,
				D4D93BFCACF844BA80CC4982 /* /Users/imankonjo2020/Documents/CS_184_Foundation_of_Computer_Graphics_and_Imaging/p4-clothsim-sp22-almost-done/ext/nanogui/ext/glfw/src/nsgl_context.h */,
				5485B216B3FC4D6896645674 /* /Users/imankonjo2020/Documents/CS_184_Foundation_of_Computer_Graphics_and_Imaging/p4-clothsim-sp22-almost-done/ext/nanogui/ext/glfw/src/posix_tls.h */,
				A0CCE900B5054842AE17F4FC /* /Users/imankonjo2020/Documents/CS_184_Foundation_of_Computer_Graphics_and_Imaging/p4-clothsim-sp22-almost-done/xcode/ext/nanogui/ext_build/glfw/src/glfw_config.h */,
			);
			name = "Header Files";
			sourceTree = "<group>";
		};
		BF72F7B4170F4A33A13EC2BB /* glfw_objects */ = {
			isa = PBXGroup;
			children = (
				3891EF4BB42D4F239DA00CD5 /* Source Files */,
				9AE23032E2164D698E69EDBC /* Header Files */,
				0346FA8AC94541FB9D275209 /* /Users/imankonjo2020/Documents/CS_184_Foundation_of_Computer_Graphics_and_Imaging/p4-clothsim-sp22-almost-done/ext/nanogui/ext/glfw/src/CMakeLists.txt */,
			);
			name = glfw_objects;
			sourceTree = "<group>";
		};
		D3D63710A65844129FDB9ECC /* Products */ = {
			isa = PBXGroup;
			children = (
				D8D136581DE5467B934DFB29 /* glfw */,
				B318D3721A0A4BC0818B1E09 /* glfw_objects */,
			);
			name = Products;
			sourceTree = "<group>";
		};
		D632553F8772454086DE881B = {
			isa = PBXGroup;
			children = (
				DC13F1466C9E42BBAC0BCC08 /* ALL_BUILD */,
				F649CFBFDAC64304A1F67427 /* dependencies */,
				D3D63710A65844129FDB9ECC /* Products */,
				3BA62B7D245C4351A2723C9C /* Frameworks */,
			);
			sourceTree = "<group>";
		};
		DC13F1466C9E42BBAC0BCC08 /* ALL_BUILD */ = {
			isa = PBXGroup;
			children = (
				160EBEE687DD4C999A75C219 /* CMake Rules */,
				6A264E8AC08E47B78790258F /* /Users/imankonjo2020/Documents/CS_184_Foundation_of_Computer_Graphics_and_Imaging/p4-clothsim-sp22-almost-done/ext/nanogui/ext/glfw/CMakeLists.txt */,
			);
			name = ALL_BUILD;
			sourceTree = "<group>";
		};
		F649CFBFDAC64304A1F67427 /* dependencies */ = {
			isa = PBXGroup;
			children = (
				BF72F7B4170F4A33A13EC2BB /* glfw_objects */,
				6B4CE1C607DB40EFAB38B175 /* glfw */,
			);
			name = dependencies;
			sourceTree = "<group>";
		};
/* End PBXGroup section */

/* Begin PBXNativeTarget section */
		53E927202591417DAED717BD /* glfw_objects */ = {
			isa = PBXNativeTarget;
			buildConfigurationList = DC8EFEB26BE5412599579773 /* Build configuration list for PBXNativeTarget "glfw_objects" */;
			buildPhases = (
				A7C458F5990F4777B8CC95F3 /* Sources */,
				42C19310A7D24C8EB994FC62 /* Frameworks */,
			);
			buildRules = (
			);
			dependencies = (
			);
			name = glfw_objects;
			productName = glfw_objects;
			productReference = B318D3721A0A4BC0818B1E09 /* glfw_objects */;
			productType = "com.apple.product-type.library.static";
		};
		B9F51B1819E24DCCA4FA59BD /* glfw */ = {
			isa = PBXNativeTarget;
			buildConfigurationList = 7A822836C8964E119B33577D /* Build configuration list for PBXNativeTarget "glfw" */;
			buildPhases = (
				F40AFBC54BA5410B811FD661 /* Frameworks */,
				AD1D6540D49F6AB7FEF5FAF8 /* CMake PostBuild Rules */,
			);
			buildRules = (
			);
			dependencies = (
				1845578A1BBF44D182C300C2 /* PBXTargetDependency */,
			);
			name = glfw;
			productName = glfw;
			productReference = D8D136581DE5467B934DFB29 /* glfw */;
			productType = "com.apple.product-type.library.dynamic";
		};
/* End PBXNativeTarget section */

/* Begin PBXProject section */
		669F600252BE4B84B6478E39 /* Project object */ = {
			isa = PBXProject;
			attributes = {
				BuildIndependentTargetsInParallel = YES;
				LastUpgradeCheck = 1320;
			};
			buildConfigurationList = D4F04F8209CE4E6385AFC1C5 /* Build configuration list for PBXProject "GLFW" */;
			buildSettings = {
			};
			buildStyles = (
				7F9A3F52E0C8445296E67D39 /* Debug */,
				C026FB3387CD4CD3A6C0E2C2 /* Release */,
				EE4DA764CA2747E2A6130C7E /* MinSizeRel */,
				34D1D6B1CCC2413D84279984 /* RelWithDebInfo */,
			);
			compatibilityVersion = "Xcode 3.2";
			hasScannedForEncodings = 0;
			mainGroup = D632553F8772454086DE881B;
			projectDirPath = ../../../../../ext/nanogui/ext/glfw;
			projectRoot = "";
			targets = (
				31DE14476A774EDFB4D8ECF9 /* ALL_BUILD */,
				B66A5DD485BD4112A3CC8D39 /* ZERO_CHECK */,
				B9F51B1819E24DCCA4FA59BD /* glfw */,
				53E927202591417DAED717BD /* glfw_objects */,
				7D63E1C13B274AD8A909804F /* install */,
			);
		};
/* End PBXProject section */

/* Begin PBXShellScriptBuildPhase section */
		11674583525B71DBA50AD0A3 /* Generate CMakeFiles/ZERO_CHECK */ = {
			isa = PBXShellScriptBuildPhase;
			alwaysOutOfDate = 1;
			buildActionMask = 2147483647;
			files = (
			);
			inputPaths = (
			);
			name = "Generate CMakeFiles/ZERO_CHECK";
			outputPaths = (
"/Users/imankonjo2020/Documents/CS_184_Foundation_of_Computer_Graphics_and_Imaging/p4-clothsim-sp22-almost-done/xcode/ext/nanogui/ext_build/glfw/CMakeFiles/ZERO_CHECK"			);
			runOnlyForDeploymentPostprocessing = 0;
			shellPath = /bin/sh;
			shellScript = "set -e
if test \"$CONFIGURATION\" = \"Debug\"; then :
  cd /Users/imankonjo2020/Documents/CS_184_Foundation_of_Computer_Graphics_and_Imaging/p4-clothsim-sp22-almost-done/xcode/ext/nanogui/ext_build/glfw
  make -f /Users/imankonjo2020/Documents/CS_184_Foundation_of_Computer_Graphics_and_Imaging/p4-clothsim-sp22-almost-done/xcode/ext/nanogui/ext_build/glfw/CMakeScripts/ReRunCMake.make
fi
if test \"$CONFIGURATION\" = \"Release\"; then :
  cd /Users/imankonjo2020/Documents/CS_184_Foundation_of_Computer_Graphics_and_Imaging/p4-clothsim-sp22-almost-done/xcode/ext/nanogui/ext_build/glfw
  make -f /Users/imankonjo2020/Documents/CS_184_Foundation_of_Computer_Graphics_and_Imaging/p4-clothsim-sp22-almost-done/xcode/ext/nanogui/ext_build/glfw/CMakeScripts/ReRunCMake.make
fi
if test \"$CONFIGURATION\" = \"MinSizeRel\"; then :
  cd /Users/imankonjo2020/Documents/CS_184_Foundation_of_Computer_Graphics_and_Imaging/p4-clothsim-sp22-almost-done/xcode/ext/nanogui/ext_build/glfw
  make -f /Users/imankonjo2020/Documents/CS_184_Foundation_of_Computer_Graphics_and_Imaging/p4-clothsim-sp22-almost-done/xcode/ext/nanogui/ext_build/glfw/CMakeScripts/ReRunCMake.make
fi
if test \"$CONFIGURATION\" = \"RelWithDebInfo\"; then :
  cd /Users/imankonjo2020/Documents/CS_184_Foundation_of_Computer_Graphics_and_Imaging/p4-clothsim-sp22-almost-done/xcode/ext/nanogui/ext_build/glfw
  make -f /Users/imankonjo2020/Documents/CS_184_Foundation_of_Computer_Graphics_and_Imaging/p4-clothsim-sp22-almost-done/xcode/ext/nanogui/ext_build/glfw/CMakeScripts/ReRunCMake.make
fi
";
			showEnvVarsInLog = 0;
		};
		23515AAF8B28775135D8DA9D /* Generate CMakeFiles/ALL_BUILD */ = {
			isa = PBXShellScriptBuildPhase;
			alwaysOutOfDate = 1;
			buildActionMask = 2147483647;
			files = (
			);
			inputPaths = (
			);
			name = "Generate CMakeFiles/ALL_BUILD";
			outputPaths = (
"/Users/imankonjo2020/Documents/CS_184_Foundation_of_Computer_Graphics_and_Imaging/p4-clothsim-sp22-almost-done/xcode/ext/nanogui/ext_build/glfw/CMakeFiles/ALL_BUILD"			);
			runOnlyForDeploymentPostprocessing = 0;
			shellPath = /bin/sh;
			shellScript = "set -e
if test \"$CONFIGURATION\" = \"Debug\"; then :
  cd /Users/imankonjo2020/Documents/CS_184_Foundation_of_Computer_Graphics_and_Imaging/p4-clothsim-sp22-almost-done/xcode/ext/nanogui/ext_build/glfw
  echo Build\\ all\\ projects
fi
if test \"$CONFIGURATION\" = \"Release\"; then :
  cd /Users/imankonjo2020/Documents/CS_184_Foundation_of_Computer_Graphics_and_Imaging/p4-clothsim-sp22-almost-done/xcode/ext/nanogui/ext_build/glfw
  echo Build\\ all\\ projects
fi
if test \"$CONFIGURATION\" = \"MinSizeRel\"; then :
  cd /Users/imankonjo2020/Documents/CS_184_Foundation_of_Computer_Graphics_and_Imaging/p4-clothsim-sp22-almost-done/xcode/ext/nanogui/ext_build/glfw
  echo Build\\ all\\ projects
fi
if test \"$CONFIGURATION\" = \"RelWithDebInfo\"; then :
  cd /Users/imankonjo2020/Documents/CS_184_Foundation_of_Computer_Graphics_and_Imaging/p4-clothsim-sp22-almost-done/xcode/ext/nanogui/ext_build/glfw
  echo Build\\ all\\ projects
fi
";
			showEnvVarsInLog = 0;
		};
		3C0110FC8322DE7E50886E21 = {
			isa = PBXShellScriptBuildPhase;
			buildActionMask = 2147483647;
			files = (
			);
			inputPaths = (
			);
			outputPaths = (
			);
			runOnlyForDeploymentPostprocessing = 0;
			shellPath = /bin/sh;
			shellScript = "# shell script goes here
exit 0";
			showEnvVarsInLog = 0;
		};
		87AF4882E018677E2624B544 = {
			isa = PBXShellScriptBuildPhase;
			buildActionMask = 2147483647;
			files = (
			);
			inputPaths = (
			);
			outputPaths = (
			);
			runOnlyForDeploymentPostprocessing = 0;
			shellPath = /bin/sh;
			shellScript = "# shell script goes here
exit 0";
			showEnvVarsInLog = 0;
		};
		93426DA6A4AC2C2AC9CE883C /* CMake PostBuild Rules */ = {
			isa = PBXShellScriptBuildPhase;
			alwaysOutOfDate = 1;
			buildActionMask = 2147483647;
			files = (
			);
			name = "CMake PostBuild Rules";
			outputPaths = (
			);
			runOnlyForDeploymentPostprocessing = 0;
			shellPath = /bin/sh;
			shellScript = "set -e
if test \"$CONFIGURATION\" = \"Debug\"; then :
  cd /Users/imankonjo2020/Documents/CS_184_Foundation_of_Computer_Graphics_and_Imaging/p4-clothsim-sp22-almost-done/xcode/ext/nanogui/ext_build/glfw
  /usr/local/Cellar/cmake/3.23.1/bin/cmake -DBUILD_TYPE=$CONFIGURATION$EFFECTIVE_PLATFORM_NAME -P cmake_install.cmake
fi
if test \"$CONFIGURATION\" = \"Release\"; then :
  cd /Users/imankonjo2020/Documents/CS_184_Foundation_of_Computer_Graphics_and_Imaging/p4-clothsim-sp22-almost-done/xcode/ext/nanogui/ext_build/glfw
  /usr/local/Cellar/cmake/3.23.1/bin/cmake -DBUILD_TYPE=$CONFIGURATION$EFFECTIVE_PLATFORM_NAME -P cmake_install.cmake
fi
if test \"$CONFIGURATION\" = \"MinSizeRel\"; then :
  cd /Users/imankonjo2020/Documents/CS_184_Foundation_of_Computer_Graphics_and_Imaging/p4-clothsim-sp22-almost-done/xcode/ext/nanogui/ext_build/glfw
  /usr/local/Cellar/cmake/3.23.1/bin/cmake -DBUILD_TYPE=$CONFIGURATION$EFFECTIVE_PLATFORM_NAME -P cmake_install.cmake
fi
if test \"$CONFIGURATION\" = \"RelWithDebInfo\"; then :
  cd /Users/imankonjo2020/Documents/CS_184_Foundation_of_Computer_Graphics_and_Imaging/p4-clothsim-sp22-almost-done/xcode/ext/nanogui/ext_build/glfw
  /usr/local/Cellar/cmake/3.23.1/bin/cmake -DBUILD_TYPE=$CONFIGURATION$EFFECTIVE_PLATFORM_NAME -P cmake_install.cmake
fi
";
			showEnvVarsInLog = 0;
		};
		9B50530E35CC49C82C2FACCF = {
			isa = PBXShellScriptBuildPhase;
			buildActionMask = 2147483647;
			files = (
			);
			inputPaths = (
			);
			outputPaths = (
			);
			runOnlyForDeploymentPostprocessing = 0;
			shellPath = /bin/sh;
			shellScript = "# shell script goes here
exit 0";
			showEnvVarsInLog = 0;
		};
		AD1D6540D49F6AB7FEF5FAF8 /* CMake PostBuild Rules */ = {
			isa = PBXShellScriptBuildPhase;
			alwaysOutOfDate = 1;
			buildActionMask = 2147483647;
			files = (
			);
			name = "CMake PostBuild Rules";
			outputPaths = (
			);
			runOnlyForDeploymentPostprocessing = 0;
			shellPath = /bin/sh;
			shellScript = "set -e
if test \"$CONFIGURATION\" = \"Debug\"; then :
  cd /Users/imankonjo2020/Documents/CS_184_Foundation_of_Computer_Graphics_and_Imaging/p4-clothsim-sp22-almost-done/xcode/ext/nanogui/ext_build/glfw/src
  /usr/local/Cellar/cmake/3.23.1/bin/cmake -E cmake_symlink_library /Users/imankonjo2020/Documents/CS_184_Foundation_of_Computer_Graphics_and_Imaging/p4-clothsim-sp22-almost-done/xcode/ext/nanogui/ext_build/glfw/src/Debug/libglfw.dylib /Users/imankonjo2020/Documents/CS_184_Foundation_of_Computer_Graphics_and_Imaging/p4-clothsim-sp22-almost-done/xcode/ext/nanogui/ext_build/glfw/src/Debug/libglfw.dylib /Users/imankonjo2020/Documents/CS_184_Foundation_of_Computer_Graphics_and_Imaging/p4-clothsim-sp22-almost-done/xcode/ext/nanogui/ext_build/glfw/src/Debug/libglfw.dylib
fi
if test \"$CONFIGURATION\" = \"Release\"; then :
  cd /Users/imankonjo2020/Documents/CS_184_Foundation_of_Computer_Graphics_and_Imaging/p4-clothsim-sp22-almost-done/xcode/ext/nanogui/ext_build/glfw/src
  /usr/local/Cellar/cmake/3.23.1/bin/cmake -E cmake_symlink_library /Users/imankonjo2020/Documents/CS_184_Foundation_of_Computer_Graphics_and_Imaging/p4-clothsim-sp22-almost-done/xcode/ext/nanogui/ext_build/glfw/src/Release/libglfw.dylib /Users/imankonjo2020/Documents/CS_184_Foundation_of_Computer_Graphics_and_Imaging/p4-clothsim-sp22-almost-done/xcode/ext/nanogui/ext_build/glfw/src/Release/libglfw.dylib /Users/imankonjo2020/Documents/CS_184_Foundation_of_Computer_Graphics_and_Imaging/p4-clothsim-sp22-almost-done/xcode/ext/nanogui/ext_build/glfw/src/Release/libglfw.dylib
fi
if test \"$CONFIGURATION\" = \"MinSizeRel\"; then :
  cd /Users/imankonjo2020/Documents/CS_184_Foundation_of_Computer_Graphics_and_Imaging/p4-clothsim-sp22-almost-done/xcode/ext/nanogui/ext_build/glfw/src
  /usr/local/Cellar/cmake/3.23.1/bin/cmake -E cmake_symlink_library /Users/imankonjo2020/Documents/CS_184_Foundation_of_Computer_Graphics_and_Imaging/p4-clothsim-sp22-almost-done/xcode/ext/nanogui/ext_build/glfw/src/MinSizeRel/libglfw.dylib /Users/imankonjo2020/Documents/CS_184_Foundation_of_Computer_Graphics_and_Imaging/p4-clothsim-sp22-almost-done/xcode/ext/nanogui/ext_build/glfw/src/MinSizeRel/libglfw.dylib /Users/imankonjo2020/Documents/CS_184_Foundation_of_Computer_Graphics_and_Imaging/p4-clothsim-sp22-almost-done/xcode/ext/nanogui/ext_build/glfw/src/MinSizeRel/libglfw.dylib
fi
if test \"$CONFIGURATION\" = \"RelWithDebInfo\"; then :
  cd /Users/imankonjo2020/Documents/CS_184_Foundation_of_Computer_Graphics_and_Imaging/p4-clothsim-sp22-almost-done/xcode/ext/nanogui/ext_build/glfw/src
  /usr/local/Cellar/cmake/3.23.1/bin/cmake -E cmake_symlink_library /Users/imankonjo2020/Documents/CS_184_Foundation_of_Computer_Graphics_and_Imaging/p4-clothsim-sp22-almost-done/xcode/ext/nanogui/ext_build/glfw/src/RelWithDebInfo/libglfw.dylib /Users/imankonjo2020/Documents/CS_184_Foundation_of_Computer_Graphics_and_Imaging/p4-clothsim-sp22-almost-done/xcode/ext/nanogui/ext_build/glfw/src/RelWithDebInfo/libglfw.dylib /Users/imankonjo2020/Documents/CS_184_Foundation_of_Computer_Graphics_and_Imaging/p4-clothsim-sp22-almost-done/xcode/ext/nanogui/ext_build/glfw/src/RelWithDebInfo/libglfw.dylib
fi
";
			showEnvVarsInLog = 0;
		};
/* End PBXShellScriptBuildPhase section */

/* Begin PBXSourcesBuildPhase section */
		A7C458F5990F4777B8CC95F3 /* Sources */ = {
			isa = PBXSourcesBuildPhase;
			buildActionMask = 2147483647;
			files = (
				23D33D5B1AA948808F193E7E /* /Users/imankonjo2020/Documents/CS_184_Foundation_of_Computer_Graphics_and_Imaging/p4-clothsim-sp22-almost-done/ext/nanogui/ext/glfw/src/cocoa_init.m */,
				479499D6B66D42E4899A812C /* /Users/imankonjo2020/Documents/CS_184_Foundation_of_Computer_Graphics_and_Imaging/p4-clothsim-sp22-almost-done/ext/nanogui/ext/glfw/src/cocoa_joystick.m */,
				BCE7F5B7F1D446598CCBEAE9 /* /Users/imankonjo2020/Documents/CS_184_Foundation_of_Computer_Graphics_and_Imaging/p4-clothsim-sp22-almost-done/ext/nanogui/ext/glfw/src/cocoa_monitor.m */,
				9DECCE0C01B24022B5ECB8D1 /* /Users/imankonjo2020/Documents/CS_184_Foundation_of_Computer_Graphics_and_Imaging/p4-clothsim-sp22-almost-done/ext/nanogui/ext/glfw/src/cocoa_time.c */,
				15623EBD533A4859A8E59BCE /* /Users/imankonjo2020/Documents/CS_184_Foundation_of_Computer_Graphics_and_Imaging/p4-clothsim-sp22-almost-done/ext/nanogui/ext/glfw/src/cocoa_window.m */,
				4094EB501ACB4217A1F01EEF /* /Users/imankonjo2020/Documents/CS_184_Foundation_of_Computer_Graphics_and_Imaging/p4-clothsim-sp22-almost-done/ext/nanogui/ext/glfw/src/context.c */,
				662B056B75B14E0F80A8716A /* /Users/imankonjo2020/Documents/CS_184_Foundation_of_Computer_Graphics_and_Imaging/p4-clothsim-sp22-almost-done/ext/nanogui/ext/glfw/src/init.c */,
				0D22E2C7D2284A1495731E9C /* /Users/imankonjo2020/Documents/CS_184_Foundation_of_Computer_Graphics_and_Imaging/p4-clothsim-sp22-almost-done/ext/nanogui/ext/glfw/src/input.c */,
				DF85B5915071412EB0C4D425 /* /Users/imankonjo2020/Documents/CS_184_Foundation_of_Computer_Graphics_and_Imaging/p4-clothsim-sp22-almost-done/ext/nanogui/ext/glfw/src/monitor.c */,
				D48EBC7D0CB8462B977A3352 /* /Users/imankonjo2020/Documents/CS_184_Foundation_of_Computer_Graphics_and_Imaging/p4-clothsim-sp22-almost-done/ext/nanogui/ext/glfw/src/nsgl_context.m */,
				91A31B05ED6D4AAF84C76F93 /* /Users/imankonjo2020/Documents/CS_184_Foundation_of_Computer_Graphics_and_Imaging/p4-clothsim-sp22-almost-done/ext/nanogui/ext/glfw/src/posix_tls.c */,
				1304B4A8F59A4A58A9013084 /* /Users/imankonjo2020/Documents/CS_184_Foundation_of_Computer_Graphics_and_Imaging/p4-clothsim-sp22-almost-done/ext/nanogui/ext/glfw/src/vulkan.c */,
				942BE015310B43EBBB1981A3 /* /Users/imankonjo2020/Documents/CS_184_Foundation_of_Computer_Graphics_and_Imaging/p4-clothsim-sp22-almost-done/ext/nanogui/ext/glfw/src/window.c */,
			);
			runOnlyForDeploymentPostprocessing = 0;
		};
/* End PBXSourcesBuildPhase section */

/* Begin PBXTargetDependency section */
		06BDFB4D4E05459EB4AE00F1 /* PBXTargetDependency */ = {
			isa = PBXTargetDependency;
			target = B66A5DD485BD4112A3CC8D39 /* ZERO_CHECK */;
			targetProxy = D39657C619CF488AB5ECF715 /* PBXContainerItemProxy */;
		};
		1845578A1BBF44D182C300C2 /* PBXTargetDependency */ = {
			isa = PBXTargetDependency;
			target = 53E927202591417DAED717BD /* glfw_objects */;
			targetProxy = 0A2B8F3C6C7B487BBB4B402E /* PBXContainerItemProxy */;
		};
		AD306A00CED244CCAD3B0876 /* PBXTargetDependency */ = {
			isa = PBXTargetDependency;
			target = 31DE14476A774EDFB4D8ECF9 /* ALL_BUILD */;
			targetProxy = 473E5913290E48ACB32FF5F1 /* PBXContainerItemProxy */;
		};
		D244ECE28E254581ACF5A51E /* PBXTargetDependency */ = {
			isa = PBXTargetDependency;
			target = 53E927202591417DAED717BD /* glfw_objects */;
			targetProxy = 34DB195380E747C0A9A5645B /* PBXContainerItemProxy */;
		};
/* End PBXTargetDependency section */

/* Begin XCBuildConfiguration section */
		165BDEF4BBE14158B40FD5F4 /* Debug */ = {
			isa = XCBuildConfiguration;
			buildSettings = {
				COMBINE_HIDPI_IMAGES = YES;
				CONFIGURATION_BUILD_DIR = "/Users/imankonjo2020/Documents/CS_184_Foundation_of_Computer_Graphics_and_Imaging/p4-clothsim-sp22-almost-done/xcode/ext/nanogui/ext_build/glfw/src/GLFW.build/Debug/glfw_objects.build/";
				GCC_GENERATE_DEBUGGING_SYMBOLS = YES;
				GCC_INLINES_ARE_PRIVATE_EXTERN = NO;
				GCC_OPTIMIZATION_LEVEL = 0;
				GCC_PREPROCESSOR_DEFINITIONS = ("'CMAKE_INTDIR=\"$(CONFIGURATION)$(EFFECTIVE_PLATFORM_NAME)\"'",_GLFW_USE_CONFIG_H,"$(inherited)");
				GCC_SYMBOLS_PRIVATE_EXTERN = NO;
				HEADER_SEARCH_PATHS = ("/Users/imankonjo2020/Documents/CS_184_Foundation_of_Computer_Graphics_and_Imaging/p4-clothsim-sp22-almost-done/ext/nanogui/ext/glfw/include","/Users/imankonjo2020/Documents/CS_184_Foundation_of_Computer_Graphics_and_Imaging/p4-clothsim-sp22-almost-done/ext/nanogui/ext/glfw/src","/Users/imankonjo2020/Documents/CS_184_Foundation_of_Computer_Graphics_and_Imaging/p4-clothsim-sp22-almost-done/xcode/ext/nanogui/ext_build/glfw/src","$(inherited)");
				INSTALL_PATH = "";
				LIBRARY_STYLE = STATIC;
				OTHER_CFLAGS = (" -Wno-deprecated-declarations    -fPIC -Wall -Wno-deprecated-declarations -fno-common ","$(inherited)");
				OTHER_LIBTOOLFLAGS = ("");
				OTHER_REZFLAGS = "";
				PRODUCT_NAME = glfw_objects;
				SECTORDER_FLAGS = "";
				SYMROOT = "/Users/imankonjo2020/Documents/CS_184_Foundation_of_Computer_Graphics_and_Imaging/p4-clothsim-sp22-almost-done/xcode/ext/nanogui/ext_build/glfw/src";
				USE_HEADERMAP = NO;
				WARNING_CFLAGS = ("$(inherited)");
			};
			name = Debug;
		};
		1E4453D5501C4846A4733336 /* Debug */ = {
			isa = XCBuildConfiguration;
			buildSettings = {
				ARCHS = "$(NATIVE_ARCH_ACTUAL)";
				ONLY_ACTIVE_ARCH = YES;
				SDKROOT = /Applications/Xcode.app/Contents/Developer/Platforms/MacOSX.platform/Developer/SDKs/MacOSX12.1.sdk;
				SYMROOT = "/Users/imankonjo2020/Documents/CS_184_Foundation_of_Computer_Graphics_and_Imaging/p4-clothsim-sp22-almost-done/xcode/ext/nanogui/ext_build/glfw/build";
			};
			name = Debug;
		};
		276EF7DAA0154EF7ABF96A47 /* RelWithDebInfo */ = {
			isa = XCBuildConfiguration;
			buildSettings = {
				COMBINE_HIDPI_IMAGES = YES;
				GCC_GENERATE_DEBUGGING_SYMBOLS = YES;
				GCC_INLINES_ARE_PRIVATE_EXTERN = NO;
				GCC_OPTIMIZATION_LEVEL = 0;
				GCC_PREPROCESSOR_DEFINITIONS = ("'CMAKE_INTDIR=\"$(CONFIGURATION)$(EFFECTIVE_PLATFORM_NAME)\"'","$(inherited)");
				GCC_SYMBOLS_PRIVATE_EXTERN = NO;
				INSTALL_PATH = "";
				OTHER_LDFLAGS = ("","$(inherited)");
				OTHER_REZFLAGS = "";
				PRODUCT_NAME = ZERO_CHECK;
				SECTORDER_FLAGS = "";
				SYMROOT = "/Users/imankonjo2020/Documents/CS_184_Foundation_of_Computer_Graphics_and_Imaging/p4-clothsim-sp22-almost-done/xcode/ext/nanogui/ext_build/glfw";
				USE_HEADERMAP = NO;
				WARNING_CFLAGS = ("$(inherited)");
			};
			name = RelWithDebInfo;
		};
		331C38CDD597456F90BF2CDA /* Debug */ = {
			isa = XCBuildConfiguration;
			buildSettings = {
				COMBINE_HIDPI_IMAGES = YES;
				GCC_GENERATE_DEBUGGING_SYMBOLS = YES;
				GCC_INLINES_ARE_PRIVATE_EXTERN = NO;
				GCC_OPTIMIZATION_LEVEL = 0;
				GCC_PREPROCESSOR_DEFINITIONS = ("'CMAKE_INTDIR=\"$(CONFIGURATION)$(EFFECTIVE_PLATFORM_NAME)\"'","$(inherited)");
				GCC_SYMBOLS_PRIVATE_EXTERN = NO;
				INSTALL_PATH = "";
				OTHER_LDFLAGS = ("","$(inherited)");
				OTHER_REZFLAGS = "";
				PRODUCT_NAME = ALL_BUILD;
				SECTORDER_FLAGS = "";
				SYMROOT = "/Users/imankonjo2020/Documents/CS_184_Foundation_of_Computer_Graphics_and_Imaging/p4-clothsim-sp22-almost-done/xcode/ext/nanogui/ext_build/glfw";
				USE_HEADERMAP = NO;
				WARNING_CFLAGS = ("$(inherited)");
			};
			name = Debug;
		};
		4450F71A555D4F29BB783C3B /* Debug */ = {
			isa = XCBuildConfiguration;
			buildSettings = {
				COMBINE_HIDPI_IMAGES = YES;
				CONFIGURATION_BUILD_DIR = "/Users/imankonjo2020/Documents/CS_184_Foundation_of_Computer_Graphics_and_Imaging/p4-clothsim-sp22-almost-done/xcode/ext/nanogui/ext_build/glfw/src/Debug";
				DYLIB_COMPATIBILITY_VERSION = "";
				DYLIB_CURRENT_VERSION = "";
				EXECUTABLE_PREFIX = lib;
				EXECUTABLE_SUFFIX = .dylib;
				GCC_GENERATE_DEBUGGING_SYMBOLS = YES;
				GCC_INLINES_ARE_PRIVATE_EXTERN = NO;
				GCC_OPTIMIZATION_LEVEL = 0;
				GCC_PREPROCESSOR_DEFINITIONS = ("'CMAKE_INTDIR=\"$(CONFIGURATION)$(EFFECTIVE_PLATFORM_NAME)\"'",glfw_EXPORTS,"$(inherited)");
				GCC_SYMBOLS_PRIVATE_EXTERN = NO;
				INSTALL_PATH = "@rpath";
				LIBRARY_STYLE = DYNAMIC;
				OTHER_CFLAGS = (" -Wno-deprecated-declarations    -fPIC ","$(inherited)");
				OTHER_LDFLAGS = (" -dynamiclib -Wl,-headerpad_max_install_names","/Users/imankonjo2020/Documents/CS_184_Foundation_of_Computer_Graphics_and_Imaging/p4-clothsim-sp22-almost-done/xcode/ext/nanogui/ext_build/glfw/src/$(PROJECT_NAME).build/$(CONFIGURATION)$(EFFECTIVE_PLATFORM_NAME)/glfw_objects.build/$(OBJECT_FILE_DIR_normal:base)/x86_64/context.o","/Users/imankonjo2020/Documents/CS_184_Foundation_of_Computer_Graphics_and_Imaging/p4-clothsim-sp22-almost-done/xcode/ext/nanogui/ext_build/glfw/src/$(PROJECT_NAME).build/$(CONFIGURATION)$(EFFECTIVE_PLATFORM_NAME)/glfw_objects.build/$(OBJECT_FILE_DIR_normal:base)/x86_64/init.o","/Users/imankonjo2020/Documents/CS_184_Foundation_of_Computer_Graphics_and_Imaging/p4-clothsim-sp22-almost-done/xcode/ext/nanogui/ext_build/glfw/src/$(PROJECT_NAME).build/$(CONFIGURATION)$(EFFECTIVE_PLATFORM_NAME)/glfw_objects.build/$(OBJECT_FILE_DIR_normal:base)/x86_64/input.o","/Users/imankonjo2020/Documents/CS_184_Foundation_of_Computer_Graphics_and_Imaging/p4-clothsim-sp22-almost-done/xcode/ext/nanogui/ext_build/glfw/src/$(PROJECT_NAME).build/$(CONFIGURATION)$(EFFECTIVE_PLATFORM_NAME)/glfw_objects.build/$(OBJECT_FILE_DIR_normal:base)/x86_64/monitor.o","/Users/imankonjo2020/Documents/CS_184_Foundation_of_Computer_Graphics_and_Imaging/p4-clothsim-sp22-almost-done/xcode/ext/nanogui/ext_build/glfw/src/$(PROJECT_NAME).build/$(CONFIGURATION)$(EFFECTIVE_PLATFORM_NAME)/glfw_objects.build/$(OBJECT_FILE_DIR_normal:base)/x86_64/vulkan.o","/Users/imankonjo2020/Documents/CS_184_Foundation_of_Computer_Graphics_and_Imaging/p4-clothsim-sp22-almost-done/xcode/ext/nanogui/ext_build/glfw/src/$(PROJECT_NAME).build/$(CONFIGURATION)$(EFFECTIVE_PLATFORM_NAME)/glfw_objects.build/$(OBJECT_FILE_DIR_normal:base)/x86_64/window.o","/Users/imankonjo2020/Documents/CS_184_Foundation_of_Computer_Graphics_and_Imaging/p4-clothsim-sp22-almost-done/xcode/ext/nanogui/ext_build/glfw/src/$(PROJECT_NAME).build/$(CONFIGURATION)$(EFFECTIVE_PLATFORM_NAME)/glfw_objects.build/$(OBJECT_FILE_DIR_normal:base)/x86_64/cocoa_init.o","/Users/imankonjo2020/Documents/CS_184_Foundation_of_Computer_Graphics_and_Imaging/p4-clothsim-sp22-almost-done/xcode/ext/nanogui/ext_build/glfw/src/$(PROJECT_NAME).build/$(CONFIGURATION)$(EFFECTIVE_PLATFORM_NAME)/glfw_objects.build/$(OBJECT_FILE_DIR_normal:base)/x86_64/cocoa_joystick.o","/Users/imankonjo2020/Documents/CS_184_Foundation_of_Computer_Graphics_and_Imaging/p4-clothsim-sp22-almost-done/xcode/ext/nanogui/ext_build/glfw/src/$(PROJECT_NAME).build/$(CONFIGURATION)$(EFFECTIVE_PLATFORM_NAME)/glfw_objects.build/$(OBJECT_FILE_DIR_normal:base)/x86_64/cocoa_monitor.o","/Users/imankonjo2020/Documents/CS_184_Foundation_of_Computer_Graphics_and_Imaging/p4-clothsim-sp22-almost-done/xcode/ext/nanogui/ext_build/glfw/src/$(PROJECT_NAME).build/$(CONFIGURATION)$(EFFECTIVE_PLATFORM_NAME)/glfw_objects.build/$(OBJECT_FILE_DIR_normal:base)/x86_64/cocoa_window.o","/Users/imankonjo2020/Documents/CS_184_Foundation_of_Computer_Graphics_and_Imaging/p4-clothsim-sp22-almost-done/xcode/ext/nanogui/ext_build/glfw/src/$(PROJECT_NAME).build/$(CONFIGURATION)$(EFFECTIVE_PLATFORM_NAME)/glfw_objects.build/$(OBJECT_FILE_DIR_normal:base)/x86_64/cocoa_time.o","/Users/imankonjo2020/Documents/CS_184_Foundation_of_Computer_Graphics_and_Imaging/p4-clothsim-sp22-almost-done/xcode/ext/nanogui/ext_build/glfw/src/$(PROJECT_NAME).build/$(CONFIGURATION)$(EFFECTIVE_PLATFORM_NAME)/glfw_objects.build/$(OBJECT_FILE_DIR_normal:base)/x86_64/posix_tls.o","/Users/imankonjo2020/Documents/CS_184_Foundation_of_Computer_Graphics_and_Imaging/p4-clothsim-sp22-almost-done/xcode/ext/nanogui/ext_build/glfw/src/$(PROJECT_NAME).build/$(CONFIGURATION)$(EFFECTIVE_PLATFORM_NAME)/glfw_objects.build/$(OBJECT_FILE_DIR_normal:base)/x86_64/nsgl_context.o","-framework Cocoa","-framework IOKit","-framework CoreFoundation","-framework CoreVideo","$(inherited)");
				OTHER_REZFLAGS = "";
				PRODUCT_NAME = glfw;
				SECTORDER_FLAGS = "";
				SYMROOT = "/Users/imankonjo2020/Documents/CS_184_Foundation_of_Computer_Graphics_and_Imaging/p4-clothsim-sp22-almost-done/xcode/ext/nanogui/ext_build/glfw/src";
				USE_HEADERMAP = NO;
				WARNING_CFLAGS = ("$(inherited)");
			};
			name = Debug;
		};
		55C00E3E4BAD4E20A0D8280B /* MinSizeRel */ = {
			isa = XCBuildConfiguration;
			buildSettings = {
				COMBINE_HIDPI_IMAGES = YES;
				GCC_GENERATE_DEBUGGING_SYMBOLS = YES;
				GCC_INLINES_ARE_PRIVATE_EXTERN = NO;
				GCC_OPTIMIZATION_LEVEL = 0;
				GCC_PREPROCESSOR_DEFINITIONS = ("'CMAKE_INTDIR=\"$(CONFIGURATION)$(EFFECTIVE_PLATFORM_NAME)\"'","$(inherited)");
				GCC_SYMBOLS_PRIVATE_EXTERN = NO;
				INSTALL_PATH = "";
				OTHER_LDFLAGS = ("","$(inherited)");
				OTHER_REZFLAGS = "";
				PRODUCT_NAME = ZERO_CHECK;
				SECTORDER_FLAGS = "";
				SYMROOT = "/Users/imankonjo2020/Documents/CS_184_Foundation_of_Computer_Graphics_and_Imaging/p4-clothsim-sp22-almost-done/xcode/ext/nanogui/ext_build/glfw";
				USE_HEADERMAP = NO;
				WARNING_CFLAGS = ("$(inherited)");
			};
			name = MinSizeRel;
		};
		5DB1D2FF1E6C42EE8A4074EB /* Release */ = {
			isa = XCBuildConfiguration;
			buildSettings = {
				ARCHS = "$(NATIVE_ARCH_ACTUAL)";
				ONLY_ACTIVE_ARCH = YES;
				SDKROOT = /Applications/Xcode.app/Contents/Developer/Platforms/MacOSX.platform/Developer/SDKs/MacOSX12.1.sdk;
				SYMROOT = "/Users/imankonjo2020/Documents/CS_184_Foundation_of_Computer_Graphics_and_Imaging/p4-clothsim-sp22-almost-done/xcode/ext/nanogui/ext_build/glfw/build";
			};
			name = Release;
		};
		646C0FF65B1646F68DDC4A14 /* Release */ = {
			isa = XCBuildConfiguration;
			buildSettings = {
				COMBINE_HIDPI_IMAGES = YES;
				GCC_GENERATE_DEBUGGING_SYMBOLS = YES;
				GCC_INLINES_ARE_PRIVATE_EXTERN = NO;
				GCC_OPTIMIZATION_LEVEL = 0;
				GCC_PREPROCESSOR_DEFINITIONS = ("'CMAKE_INTDIR=\"$(CONFIGURATION)$(EFFECTIVE_PLATFORM_NAME)\"'","$(inherited)");
				GCC_SYMBOLS_PRIVATE_EXTERN = NO;
				INSTALL_PATH = "";
				OTHER_LDFLAGS = ("","$(inherited)");
				OTHER_REZFLAGS = "";
				PRODUCT_NAME = ZERO_CHECK;
				SECTORDER_FLAGS = "";
				SYMROOT = "/Users/imankonjo2020/Documents/CS_184_Foundation_of_Computer_Graphics_and_Imaging/p4-clothsim-sp22-almost-done/xcode/ext/nanogui/ext_build/glfw";
				USE_HEADERMAP = NO;
				WARNING_CFLAGS = ("$(inherited)");
			};
			name = Release;
		};
		65231087596E40C98203C1DF /* Debug */ = {
			isa = XCBuildConfiguration;
			buildSettings = {
				COMBINE_HIDPI_IMAGES = YES;
				GCC_GENERATE_DEBUGGING_SYMBOLS = YES;
				GCC_INLINES_ARE_PRIVATE_EXTERN = NO;
				GCC_OPTIMIZATION_LEVEL = 0;
				GCC_PREPROCESSOR_DEFINITIONS = ("'CMAKE_INTDIR=\"$(CONFIGURATION)$(EFFECTIVE_PLATFORM_NAME)\"'","$(inherited)");
				GCC_SYMBOLS_PRIVATE_EXTERN = NO;
				INSTALL_PATH = "";
				OTHER_LDFLAGS = ("","$(inherited)");
				OTHER_REZFLAGS = "";
				PRODUCT_NAME = ZERO_CHECK;
				SECTORDER_FLAGS = "";
				SYMROOT = "/Users/imankonjo2020/Documents/CS_184_Foundation_of_Computer_Graphics_and_Imaging/p4-clothsim-sp22-almost-done/xcode/ext/nanogui/ext_build/glfw";
				USE_HEADERMAP = NO;
				WARNING_CFLAGS = ("$(inherited)");
			};
			name = Debug;
		};
		68CC47932DAD4DBDB98AAAC4 /* Release */ = {
			isa = XCBuildConfiguration;
			buildSettings = {
				COMBINE_HIDPI_IMAGES = YES;
				GCC_GENERATE_DEBUGGING_SYMBOLS = YES;
				GCC_INLINES_ARE_PRIVATE_EXTERN = NO;
				GCC_OPTIMIZATION_LEVEL = 0;
				GCC_PREPROCESSOR_DEFINITIONS = ("'CMAKE_INTDIR=\"$(CONFIGURATION)$(EFFECTIVE_PLATFORM_NAME)\"'","$(inherited)");
				GCC_SYMBOLS_PRIVATE_EXTERN = NO;
				INSTALL_PATH = "";
				OTHER_LDFLAGS = ("","$(inherited)");
				OTHER_REZFLAGS = "";
				PRODUCT_NAME = ALL_BUILD;
				SECTORDER_FLAGS = "";
				SYMROOT = "/Users/imankonjo2020/Documents/CS_184_Foundation_of_Computer_Graphics_and_Imaging/p4-clothsim-sp22-almost-done/xcode/ext/nanogui/ext_build/glfw";
				USE_HEADERMAP = NO;
				WARNING_CFLAGS = ("$(inherited)");
			};
			name = Release;
		};
		71B4C0E4EA294322895A0467 /* MinSizeRel */ = {
			isa = XCBuildConfiguration;
			buildSettings = {
				COMBINE_HIDPI_IMAGES = YES;
				GCC_GENERATE_DEBUGGING_SYMBOLS = YES;
				GCC_INLINES_ARE_PRIVATE_EXTERN = NO;
				GCC_OPTIMIZATION_LEVEL = 0;
				GCC_PREPROCESSOR_DEFINITIONS = ("'CMAKE_INTDIR=\"$(CONFIGURATION)$(EFFECTIVE_PLATFORM_NAME)\"'","$(inherited)");
				GCC_SYMBOLS_PRIVATE_EXTERN = NO;
				INSTALL_PATH = "";
				OTHER_LDFLAGS = ("","$(inherited)");
				OTHER_REZFLAGS = "";
				PRODUCT_NAME = ALL_BUILD;
				SECTORDER_FLAGS = "";
				SYMROOT = "/Users/imankonjo2020/Documents/CS_184_Foundation_of_Computer_Graphics_and_Imaging/p4-clothsim-sp22-almost-done/xcode/ext/nanogui/ext_build/glfw";
				USE_HEADERMAP = NO;
				WARNING_CFLAGS = ("$(inherited)");
			};
			name = MinSizeRel;
		};
		765CD21F15DF498CBCEBB014 /* Release */ = {
			isa = XCBuildConfiguration;
			buildSettings = {
				COMBINE_HIDPI_IMAGES = YES;
				CONFIGURATION_BUILD_DIR = "/Users/imankonjo2020/Documents/CS_184_Foundation_of_Computer_Graphics_and_Imaging/p4-clothsim-sp22-almost-done/xcode/ext/nanogui/ext_build/glfw/src/Release";
				DYLIB_COMPATIBILITY_VERSION = "";
				DYLIB_CURRENT_VERSION = "";
				EXECUTABLE_PREFIX = lib;
				EXECUTABLE_SUFFIX = .dylib;
				GCC_GENERATE_DEBUGGING_SYMBOLS = NO;
				GCC_INLINES_ARE_PRIVATE_EXTERN = NO;
				GCC_OPTIMIZATION_LEVEL = 3;
				GCC_PREPROCESSOR_DEFINITIONS = ("'CMAKE_INTDIR=\"$(CONFIGURATION)$(EFFECTIVE_PLATFORM_NAME)\"'",glfw_EXPORTS,"$(inherited)");
				GCC_SYMBOLS_PRIVATE_EXTERN = NO;
				INSTALL_PATH = "@rpath";
				LIBRARY_STYLE = DYNAMIC;
				OTHER_CFLAGS = (" -Wno-deprecated-declarations     -DNDEBUG -fPIC ","$(inherited)");
				OTHER_LDFLAGS = (" -dynamiclib -Wl,-headerpad_max_install_names","/Users/imankonjo2020/Documents/CS_184_Foundation_of_Computer_Graphics_and_Imaging/p4-clothsim-sp22-almost-done/xcode/ext/nanogui/ext_build/glfw/src/$(PROJECT_NAME).build/$(CONFIGURATION)$(EFFECTIVE_PLATFORM_NAME)/glfw_objects.build/$(OBJECT_FILE_DIR_normal:base)/x86_64/context.o","/Users/imankonjo2020/Documents/CS_184_Foundation_of_Computer_Graphics_and_Imaging/p4-clothsim-sp22-almost-done/xcode/ext/nanogui/ext_build/glfw/src/$(PROJECT_NAME).build/$(CONFIGURATION)$(EFFECTIVE_PLATFORM_NAME)/glfw_objects.build/$(OBJECT_FILE_DIR_normal:base)/x86_64/init.o","/Users/imankonjo2020/Documents/CS_184_Foundation_of_Computer_Graphics_and_Imaging/p4-clothsim-sp22-almost-done/xcode/ext/nanogui/ext_build/glfw/src/$(PROJECT_NAME).build/$(CONFIGURATION)$(EFFECTIVE_PLATFORM_NAME)/glfw_objects.build/$(OBJECT_FILE_DIR_normal:base)/x86_64/input.o","/Users/imankonjo2020/Documents/CS_184_Foundation_of_Computer_Graphics_and_Imaging/p4-clothsim-sp22-almost-done/xcode/ext/nanogui/ext_build/glfw/src/$(PROJECT_NAME).build/$(CONFIGURATION)$(EFFECTIVE_PLATFORM_NAME)/glfw_objects.build/$(OBJECT_FILE_DIR_normal:base)/x86_64/monitor.o","/Users/imankonjo2020/Documents/CS_184_Foundation_of_Computer_Graphics_and_Imaging/p4-clothsim-sp22-almost-done/xcode/ext/nanogui/ext_build/glfw/src/$(PROJECT_NAME).build/$(CONFIGURATION)$(EFFECTIVE_PLATFORM_NAME)/glfw_objects.build/$(OBJECT_FILE_DIR_normal:base)/x86_64/vulkan.o","/Users/imankonjo2020/Documents/CS_184_Foundation_of_Computer_Graphics_and_Imaging/p4-clothsim-sp22-almost-done/xcode/ext/nanogui/ext_build/glfw/src/$(PROJECT_NAME).build/$(CONFIGURATION)$(EFFECTIVE_PLATFORM_NAME)/glfw_objects.build/$(OBJECT_FILE_DIR_normal:base)/x86_64/window.o","/Users/imankonjo2020/Documents/CS_184_Foundation_of_Computer_Graphics_and_Imaging/p4-clothsim-sp22-almost-done/xcode/ext/nanogui/ext_build/glfw/src/$(PROJECT_NAME).build/$(CONFIGURATION)$(EFFECTIVE_PLATFORM_NAME)/glfw_objects.build/$(OBJECT_FILE_DIR_normal:base)/x86_64/cocoa_init.o","/Users/imankonjo2020/Documents/CS_184_Foundation_of_Computer_Graphics_and_Imaging/p4-clothsim-sp22-almost-done/xcode/ext/nanogui/ext_build/glfw/src/$(PROJECT_NAME).build/$(CONFIGURATION)$(EFFECTIVE_PLATFORM_NAME)/glfw_objects.build/$(OBJECT_FILE_DIR_normal:base)/x86_64/cocoa_joystick.o","/Users/imankonjo2020/Documents/CS_184_Foundation_of_Computer_Graphics_and_Imaging/p4-clothsim-sp22-almost-done/xcode/ext/nanogui/ext_build/glfw/src/$(PROJECT_NAME).build/$(CONFIGURATION)$(EFFECTIVE_PLATFORM_NAME)/glfw_objects.build/$(OBJECT_FILE_DIR_normal:base)/x86_64/cocoa_monitor.o","/Users/imankonjo2020/Documents/CS_184_Foundation_of_Computer_Graphics_and_Imaging/p4-clothsim-sp22-almost-done/xcode/ext/nanogui/ext_build/glfw/src/$(PROJECT_NAME).build/$(CONFIGURATION)$(EFFECTIVE_PLATFORM_NAME)/glfw_objects.build/$(OBJECT_FILE_DIR_normal:base)/x86_64/cocoa_window.o","/Users/imankonjo2020/Documents/CS_184_Foundation_of_Computer_Graphics_and_Imaging/p4-clothsim-sp22-almost-done/xcode/ext/nanogui/ext_build/glfw/src/$(PROJECT_NAME).build/$(CONFIGURATION)$(EFFECTIVE_PLATFORM_NAME)/glfw_objects.build/$(OBJECT_FILE_DIR_normal:base)/x86_64/cocoa_time.o","/Users/imankonjo2020/Documents/CS_184_Foundation_of_Computer_Graphics_and_Imaging/p4-clothsim-sp22-almost-done/xcode/ext/nanogui/ext_build/glfw/src/$(PROJECT_NAME).build/$(CONFIGURATION)$(EFFECTIVE_PLATFORM_NAME)/glfw_objects.build/$(OBJECT_FILE_DIR_normal:base)/x86_64/posix_tls.o","/Users/imankonjo2020/Documents/CS_184_Foundation_of_Computer_Graphics_and_Imaging/p4-clothsim-sp22-almost-done/xcode/ext/nanogui/ext_build/glfw/src/$(PROJECT_NAME).build/$(CONFIGURATION)$(EFFECTIVE_PLATFORM_NAME)/glfw_objects.build/$(OBJECT_FILE_DIR_normal:base)/x86_64/nsgl_context.o","-framework Cocoa","-framework IOKit","-framework CoreFoundation","-framework CoreVideo","$(inherited)");
				OTHER_REZFLAGS = "";
				PRODUCT_NAME = glfw;
				SECTORDER_FLAGS = "";
				SYMROOT = "/Users/imankonjo2020/Documents/CS_184_Foundation_of_Computer_Graphics_and_Imaging/p4-clothsim-sp22-almost-done/xcode/ext/nanogui/ext_build/glfw/src";
				USE_HEADERMAP = NO;
				WARNING_CFLAGS = ("$(inherited)");
			};
			name = Release;
		};
		7805C13E159548B493931883 /* Release */ = {
			isa = XCBuildConfiguration;
			buildSettings = {
				COMBINE_HIDPI_IMAGES = YES;
				GCC_GENERATE_DEBUGGING_SYMBOLS = YES;
				GCC_INLINES_ARE_PRIVATE_EXTERN = NO;
				GCC_OPTIMIZATION_LEVEL = 0;
				GCC_PREPROCESSOR_DEFINITIONS = ("'CMAKE_INTDIR=\"$(CONFIGURATION)$(EFFECTIVE_PLATFORM_NAME)\"'","$(inherited)");
				GCC_SYMBOLS_PRIVATE_EXTERN = NO;
				INSTALL_PATH = "";
				OTHER_LDFLAGS = ("","$(inherited)");
				OTHER_REZFLAGS = "";
				PRODUCT_NAME = install;
				SECTORDER_FLAGS = "";
				SYMROOT = "/Users/imankonjo2020/Documents/CS_184_Foundation_of_Computer_Graphics_and_Imaging/p4-clothsim-sp22-almost-done/xcode/ext/nanogui/ext_build/glfw";
				USE_HEADERMAP = NO;
				WARNING_CFLAGS = ("$(inherited)");
			};
			name = Release;
		};
		7AAB6CC99D0C49AA9B0EAD70 /* MinSizeRel */ = {
			isa = XCBuildConfiguration;
			buildSettings = {
				COMBINE_HIDPI_IMAGES = YES;
				CONFIGURATION_BUILD_DIR = "/Users/imankonjo2020/Documents/CS_184_Foundation_of_Computer_Graphics_and_Imaging/p4-clothsim-sp22-almost-done/xcode/ext/nanogui/ext_build/glfw/src/MinSizeRel";
				DYLIB_COMPATIBILITY_VERSION = "";
				DYLIB_CURRENT_VERSION = "";
				EXECUTABLE_PREFIX = lib;
				EXECUTABLE_SUFFIX = .dylib;
				GCC_GENERATE_DEBUGGING_SYMBOLS = NO;
				GCC_INLINES_ARE_PRIVATE_EXTERN = NO;
				GCC_OPTIMIZATION_LEVEL = s;
				GCC_PREPROCESSOR_DEFINITIONS = ("'CMAKE_INTDIR=\"$(CONFIGURATION)$(EFFECTIVE_PLATFORM_NAME)\"'",glfw_EXPORTS,"$(inherited)");
				GCC_SYMBOLS_PRIVATE_EXTERN = NO;
				INSTALL_PATH = "@rpath";
				LIBRARY_STYLE = DYNAMIC;
				OTHER_CFLAGS = (" -Wno-deprecated-declarations     -DNDEBUG -fPIC ","$(inherited)");
				OTHER_LDFLAGS = (" -dynamiclib -Wl,-headerpad_max_install_names","/Users/imankonjo2020/Documents/CS_184_Foundation_of_Computer_Graphics_and_Imaging/p4-clothsim-sp22-almost-done/xcode/ext/nanogui/ext_build/glfw/src/$(PROJECT_NAME).build/$(CONFIGURATION)$(EFFECTIVE_PLATFORM_NAME)/glfw_objects.build/$(OBJECT_FILE_DIR_normal:base)/x86_64/context.o","/Users/imankonjo2020/Documents/CS_184_Foundation_of_Computer_Graphics_and_Imaging/p4-clothsim-sp22-almost-done/xcode/ext/nanogui/ext_build/glfw/src/$(PROJECT_NAME).build/$(CONFIGURATION)$(EFFECTIVE_PLATFORM_NAME)/glfw_objects.build/$(OBJECT_FILE_DIR_normal:base)/x86_64/init.o","/Users/imankonjo2020/Documents/CS_184_Foundation_of_Computer_Graphics_and_Imaging/p4-clothsim-sp22-almost-done/xcode/ext/nanogui/ext_build/glfw/src/$(PROJECT_NAME).build/$(CONFIGURATION)$(EFFECTIVE_PLATFORM_NAME)/glfw_objects.build/$(OBJECT_FILE_DIR_normal:base)/x86_64/input.o","/Users/imankonjo2020/Documents/CS_184_Foundation_of_Computer_Graphics_and_Imaging/p4-clothsim-sp22-almost-done/xcode/ext/nanogui/ext_build/glfw/src/$(PROJECT_NAME).build/$(CONFIGURATION)$(EFFECTIVE_PLATFORM_NAME)/glfw_objects.build/$(OBJECT_FILE_DIR_normal:base)/x86_64/monitor.o","/Users/imankonjo2020/Documents/CS_184_Foundation_of_Computer_Graphics_and_Imaging/p4-clothsim-sp22-almost-done/xcode/ext/nanogui/ext_build/glfw/src/$(PROJECT_NAME).build/$(CONFIGURATION)$(EFFECTIVE_PLATFORM_NAME)/glfw_objects.build/$(OBJECT_FILE_DIR_normal:base)/x86_64/vulkan.o","/Users/imankonjo2020/Documents/CS_184_Foundation_of_Computer_Graphics_and_Imaging/p4-clothsim-sp22-almost-done/xcode/ext/nanogui/ext_build/glfw/src/$(PROJECT_NAME).build/$(CONFIGURATION)$(EFFECTIVE_PLATFORM_NAME)/glfw_objects.build/$(OBJECT_FILE_DIR_normal:base)/x86_64/window.o","/Users/imankonjo2020/Documents/CS_184_Foundation_of_Computer_Graphics_and_Imaging/p4-clothsim-sp22-almost-done/xcode/ext/nanogui/ext_build/glfw/src/$(PROJECT_NAME).build/$(CONFIGURATION)$(EFFECTIVE_PLATFORM_NAME)/glfw_objects.build/$(OBJECT_FILE_DIR_normal:base)/x86_64/cocoa_init.o","/Users/imankonjo2020/Documents/CS_184_Foundation_of_Computer_Graphics_and_Imaging/p4-clothsim-sp22-almost-done/xcode/ext/nanogui/ext_build/glfw/src/$(PROJECT_NAME).build/$(CONFIGURATION)$(EFFECTIVE_PLATFORM_NAME)/glfw_objects.build/$(OBJECT_FILE_DIR_normal:base)/x86_64/cocoa_joystick.o","/Users/imankonjo2020/Documents/CS_184_Foundation_of_Computer_Graphics_and_Imaging/p4-clothsim-sp22-almost-done/xcode/ext/nanogui/ext_build/glfw/src/$(PROJECT_NAME).build/$(CONFIGURATION)$(EFFECTIVE_PLATFORM_NAME)/glfw_objects.build/$(OBJECT_FILE_DIR_normal:base)/x86_64/cocoa_monitor.o","/Users/imankonjo2020/Documents/CS_184_Foundation_of_Computer_Graphics_and_Imaging/p4-clothsim-sp22-almost-done/xcode/ext/nanogui/ext_build/glfw/src/$(PROJECT_NAME).build/$(CONFIGURATION)$(EFFECTIVE_PLATFORM_NAME)/glfw_objects.build/$(OBJECT_FILE_DIR_normal:base)/x86_64/cocoa_window.o","/Users/imankonjo2020/Documents/CS_184_Foundation_of_Computer_Graphics_and_Imaging/p4-clothsim-sp22-almost-done/xcode/ext/nanogui/ext_build/glfw/src/$(PROJECT_NAME).build/$(CONFIGURATION)$(EFFECTIVE_PLATFORM_NAME)/glfw_objects.build/$(OBJECT_FILE_DIR_normal:base)/x86_64/cocoa_time.o","/Users/imankonjo2020/Documents/CS_184_Foundation_of_Computer_Graphics_and_Imaging/p4-clothsim-sp22-almost-done/xcode/ext/nanogui/ext_build/glfw/src/$(PROJECT_NAME).build/$(CONFIGURATION)$(EFFECTIVE_PLATFORM_NAME)/glfw_objects.build/$(OBJECT_FILE_DIR_normal:base)/x86_64/posix_tls.o","/Users/imankonjo2020/Documents/CS_184_Foundation_of_Computer_Graphics_and_Imaging/p4-clothsim-sp22-almost-done/xcode/ext/nanogui/ext_build/glfw/src/$(PROJECT_NAME).build/$(CONFIGURATION)$(EFFECTIVE_PLATFORM_NAME)/glfw_objects.build/$(OBJECT_FILE_DIR_normal:base)/x86_64/nsgl_context.o","-framework Cocoa","-framework IOKit","-framework CoreFoundation","-framework CoreVideo","$(inherited)");
				OTHER_REZFLAGS = "";
				PRODUCT_NAME = glfw;
				SECTORDER_FLAGS = "";
				SYMROOT = "/Users/imankonjo2020/Documents/CS_184_Foundation_of_Computer_Graphics_and_Imaging/p4-clothsim-sp22-almost-done/xcode/ext/nanogui/ext_build/glfw/src";
				USE_HEADERMAP = NO;
				WARNING_CFLAGS = ("$(inherited)");
			};
			name = MinSizeRel;
		};
		83B63A9BE03E4562A551C671 /* MinSizeRel */ = {
			isa = XCBuildConfiguration;
			buildSettings = {
				COMBINE_HIDPI_IMAGES = YES;
				CONFIGURATION_BUILD_DIR = "/Users/imankonjo2020/Documents/CS_184_Foundation_of_Computer_Graphics_and_Imaging/p4-clothsim-sp22-almost-done/xcode/ext/nanogui/ext_build/glfw/src/GLFW.build/MinSizeRel/glfw_objects.build/";
				GCC_GENERATE_DEBUGGING_SYMBOLS = NO;
				GCC_INLINES_ARE_PRIVATE_EXTERN = NO;
				GCC_OPTIMIZATION_LEVEL = s;
				GCC_PREPROCESSOR_DEFINITIONS = ("'CMAKE_INTDIR=\"$(CONFIGURATION)$(EFFECTIVE_PLATFORM_NAME)\"'",_GLFW_USE_CONFIG_H,"$(inherited)");
				GCC_SYMBOLS_PRIVATE_EXTERN = NO;
				HEADER_SEARCH_PATHS = ("/Users/imankonjo2020/Documents/CS_184_Foundation_of_Computer_Graphics_and_Imaging/p4-clothsim-sp22-almost-done/ext/nanogui/ext/glfw/include","/Users/imankonjo2020/Documents/CS_184_Foundation_of_Computer_Graphics_and_Imaging/p4-clothsim-sp22-almost-done/ext/nanogui/ext/glfw/src","/Users/imankonjo2020/Documents/CS_184_Foundation_of_Computer_Graphics_and_Imaging/p4-clothsim-sp22-almost-done/xcode/ext/nanogui/ext_build/glfw/src","$(inherited)");
				INSTALL_PATH = "";
				LIBRARY_STYLE = STATIC;
				OTHER_CFLAGS = (" -Wno-deprecated-declarations     -DNDEBUG -fPIC -Wall -Wno-deprecated-declarations -fno-common ","$(inherited)");
				OTHER_LIBTOOLFLAGS = ("");
				OTHER_REZFLAGS = "";
				PRODUCT_NAME = glfw_objects;
				SECTORDER_FLAGS = "";
				SYMROOT = "/Users/imankonjo2020/Documents/CS_184_Foundation_of_Computer_Graphics_and_Imaging/p4-clothsim-sp22-almost-done/xcode/ext/nanogui/ext_build/glfw/src";
				USE_HEADERMAP = NO;
				WARNING_CFLAGS = ("$(inherited)");
			};
			name = MinSizeRel;
		};
		88088615114D4159B13F119C /* RelWithDebInfo */ = {
			isa = XCBuildConfiguration;
			buildSettings = {
				COMBINE_HIDPI_IMAGES = YES;
				GCC_GENERATE_DEBUGGING_SYMBOLS = YES;
				GCC_INLINES_ARE_PRIVATE_EXTERN = NO;
				GCC_OPTIMIZATION_LEVEL = 0;
				GCC_PREPROCESSOR_DEFINITIONS = ("'CMAKE_INTDIR=\"$(CONFIGURATION)$(EFFECTIVE_PLATFORM_NAME)\"'","$(inherited)");
				GCC_SYMBOLS_PRIVATE_EXTERN = NO;
				INSTALL_PATH = "";
				OTHER_LDFLAGS = ("","$(inherited)");
				OTHER_REZFLAGS = "";
				PRODUCT_NAME = ALL_BUILD;
				SECTORDER_FLAGS = "";
				SYMROOT = "/Users/imankonjo2020/Documents/CS_184_Foundation_of_Computer_Graphics_and_Imaging/p4-clothsim-sp22-almost-done/xcode/ext/nanogui/ext_build/glfw";
				USE_HEADERMAP = NO;
				WARNING_CFLAGS = ("$(inherited)");
			};
			name = RelWithDebInfo;
		};
		9AFEE31CA1074D32AC0335CA /* RelWithDebInfo */ = {
			isa = XCBuildConfiguration;
			buildSettings = {
				COMBINE_HIDPI_IMAGES = YES;
				GCC_GENERATE_DEBUGGING_SYMBOLS = YES;
				GCC_INLINES_ARE_PRIVATE_EXTERN = NO;
				GCC_OPTIMIZATION_LEVEL = 0;
				GCC_PREPROCESSOR_DEFINITIONS = ("'CMAKE_INTDIR=\"$(CONFIGURATION)$(EFFECTIVE_PLATFORM_NAME)\"'","$(inherited)");
				GCC_SYMBOLS_PRIVATE_EXTERN = NO;
				INSTALL_PATH = "";
				OTHER_LDFLAGS = ("","$(inherited)");
				OTHER_REZFLAGS = "";
				PRODUCT_NAME = install;
				SECTORDER_FLAGS = "";
				SYMROOT = "/Users/imankonjo2020/Documents/CS_184_Foundation_of_Computer_Graphics_and_Imaging/p4-clothsim-sp22-almost-done/xcode/ext/nanogui/ext_build/glfw";
				USE_HEADERMAP = NO;
				WARNING_CFLAGS = ("$(inherited)");
			};
			name = RelWithDebInfo;
		};
		A05A7873A56F4BE0986ABEB7 /* Debug */ = {
			isa = XCBuildConfiguration;
			buildSettings = {
				COMBINE_HIDPI_IMAGES = YES;
				GCC_GENERATE_DEBUGGING_SYMBOLS = YES;
				GCC_INLINES_ARE_PRIVATE_EXTERN = NO;
				GCC_OPTIMIZATION_LEVEL = 0;
				GCC_PREPROCESSOR_DEFINITIONS = ("'CMAKE_INTDIR=\"$(CONFIGURATION)$(EFFECTIVE_PLATFORM_NAME)\"'","$(inherited)");
				GCC_SYMBOLS_PRIVATE_EXTERN = NO;
				INSTALL_PATH = "";
				OTHER_LDFLAGS = ("","$(inherited)");
				OTHER_REZFLAGS = "";
				PRODUCT_NAME = install;
				SECTORDER_FLAGS = "";
				SYMROOT = "/Users/imankonjo2020/Documents/CS_184_Foundation_of_Computer_Graphics_and_Imaging/p4-clothsim-sp22-almost-done/xcode/ext/nanogui/ext_build/glfw";
				USE_HEADERMAP = NO;
				WARNING_CFLAGS = ("$(inherited)");
			};
			name = Debug;
		};
		B0911BA708314700975D4AA8 /* Release */ = {
			isa = XCBuildConfiguration;
			buildSettings = {
				COMBINE_HIDPI_IMAGES = YES;
				CONFIGURATION_BUILD_DIR = "/Users/imankonjo2020/Documents/CS_184_Foundation_of_Computer_Graphics_and_Imaging/p4-clothsim-sp22-almost-done/xcode/ext/nanogui/ext_build/glfw/src/GLFW.build/Release/glfw_objects.build/";
				GCC_GENERATE_DEBUGGING_SYMBOLS = NO;
				GCC_INLINES_ARE_PRIVATE_EXTERN = NO;
				GCC_OPTIMIZATION_LEVEL = 3;
				GCC_PREPROCESSOR_DEFINITIONS = ("'CMAKE_INTDIR=\"$(CONFIGURATION)$(EFFECTIVE_PLATFORM_NAME)\"'",_GLFW_USE_CONFIG_H,"$(inherited)");
				GCC_SYMBOLS_PRIVATE_EXTERN = NO;
				HEADER_SEARCH_PATHS = ("/Users/imankonjo2020/Documents/CS_184_Foundation_of_Computer_Graphics_and_Imaging/p4-clothsim-sp22-almost-done/ext/nanogui/ext/glfw/include","/Users/imankonjo2020/Documents/CS_184_Foundation_of_Computer_Graphics_and_Imaging/p4-clothsim-sp22-almost-done/ext/nanogui/ext/glfw/src","/Users/imankonjo2020/Documents/CS_184_Foundation_of_Computer_Graphics_and_Imaging/p4-clothsim-sp22-almost-done/xcode/ext/nanogui/ext_build/glfw/src","$(inherited)");
				INSTALL_PATH = "";
				LIBRARY_STYLE = STATIC;
				OTHER_CFLAGS = (" -Wno-deprecated-declarations     -DNDEBUG -fPIC -Wall -Wno-deprecated-declarations -fno-common ","$(inherited)");
				OTHER_LIBTOOLFLAGS = ("");
				OTHER_REZFLAGS = "";
				PRODUCT_NAME = glfw_objects;
				SECTORDER_FLAGS = "";
				SYMROOT = "/Users/imankonjo2020/Documents/CS_184_Foundation_of_Computer_Graphics_and_Imaging/p4-clothsim-sp22-almost-done/xcode/ext/nanogui/ext_build/glfw/src";
				USE_HEADERMAP = NO;
				WARNING_CFLAGS = ("$(inherited)");
			};
			name = Release;
		};
		BC1017BF985643CAA6A36876 /* RelWithDebInfo */ = {
			isa = XCBuildConfiguration;
			buildSettings = {
				COMBINE_HIDPI_IMAGES = YES;
				CONFIGURATION_BUILD_DIR = "/Users/imankonjo2020/Documents/CS_184_Foundation_of_Computer_Graphics_and_Imaging/p4-clothsim-sp22-almost-done/xcode/ext/nanogui/ext_build/glfw/src/GLFW.build/RelWithDebInfo/glfw_objects.build/";
				GCC_GENERATE_DEBUGGING_SYMBOLS = YES;
				GCC_INLINES_ARE_PRIVATE_EXTERN = NO;
				GCC_OPTIMIZATION_LEVEL = 2;
				GCC_PREPROCESSOR_DEFINITIONS = ("'CMAKE_INTDIR=\"$(CONFIGURATION)$(EFFECTIVE_PLATFORM_NAME)\"'",_GLFW_USE_CONFIG_H,"$(inherited)");
				GCC_SYMBOLS_PRIVATE_EXTERN = NO;
				HEADER_SEARCH_PATHS = ("/Users/imankonjo2020/Documents/CS_184_Foundation_of_Computer_Graphics_and_Imaging/p4-clothsim-sp22-almost-done/ext/nanogui/ext/glfw/include","/Users/imankonjo2020/Documents/CS_184_Foundation_of_Computer_Graphics_and_Imaging/p4-clothsim-sp22-almost-done/ext/nanogui/ext/glfw/src","/Users/imankonjo2020/Documents/CS_184_Foundation_of_Computer_Graphics_and_Imaging/p4-clothsim-sp22-almost-done/xcode/ext/nanogui/ext_build/glfw/src","$(inherited)");
				INSTALL_PATH = "";
				LIBRARY_STYLE = STATIC;
				OTHER_CFLAGS = (" -Wno-deprecated-declarations        -DNDEBUG -fPIC -Wall -Wno-deprecated-declarations -fno-common ","$(inherited)");
				OTHER_LIBTOOLFLAGS = ("");
				OTHER_REZFLAGS = "";
				PRODUCT_NAME = glfw_objects;
				SECTORDER_FLAGS = "";
				SYMROOT = "/Users/imankonjo2020/Documents/CS_184_Foundation_of_Computer_Graphics_and_Imaging/p4-clothsim-sp22-almost-done/xcode/ext/nanogui/ext_build/glfw/src";
				USE_HEADERMAP = NO;
				WARNING_CFLAGS = ("$(inherited)");
			};
			name = RelWithDebInfo;
		};
		BF810A503EBE4ACB9613515C /* RelWithDebInfo */ = {
			isa = XCBuildConfiguration;
			buildSettings = {
				ARCHS = "$(NATIVE_ARCH_ACTUAL)";
				ONLY_ACTIVE_ARCH = YES;
				SDKROOT = /Applications/Xcode.app/Contents/Developer/Platforms/MacOSX.platform/Developer/SDKs/MacOSX12.1.sdk;
				SYMROOT = "/Users/imankonjo2020/Documents/CS_184_Foundation_of_Computer_Graphics_and_Imaging/p4-clothsim-sp22-almost-done/xcode/ext/nanogui/ext_build/glfw/build";
			};
			name = RelWithDebInfo;
		};
		C1B7C4E62BFB42188AE6EC75 /* MinSizeRel */ = {
			isa = XCBuildConfiguration;
			buildSettings = {
				ARCHS = "$(NATIVE_ARCH_ACTUAL)";
				ONLY_ACTIVE_ARCH = YES;
				SDKROOT = /Applications/Xcode.app/Contents/Developer/Platforms/MacOSX.platform/Developer/SDKs/MacOSX12.1.sdk;
				SYMROOT = "/Users/imankonjo2020/Documents/CS_184_Foundation_of_Computer_Graphics_and_Imaging/p4-clothsim-sp22-almost-done/xcode/ext/nanogui/ext_build/glfw/build";
			};
			name = MinSizeRel;
		};
		CA2572CF00F842FBBC3FDEF6 /* MinSizeRel */ = {
			isa = XCBuildConfiguration;
			buildSettings = {
				COMBINE_HIDPI_IMAGES = YES;
				GCC_GENERATE_DEBUGGING_SYMBOLS = YES;
				GCC_INLINES_ARE_PRIVATE_EXTERN = NO;
				GCC_OPTIMIZATION_LEVEL = 0;
				GCC_PREPROCESSOR_DEFINITIONS = ("'CMAKE_INTDIR=\"$(CONFIGURATION)$(EFFECTIVE_PLATFORM_NAME)\"'","$(inherited)");
				GCC_SYMBOLS_PRIVATE_EXTERN = NO;
				INSTALL_PATH = "";
				OTHER_LDFLAGS = ("","$(inherited)");
				OTHER_REZFLAGS = "";
				PRODUCT_NAME = install;
				SECTORDER_FLAGS = "";
				SYMROOT = "/Users/imankonjo2020/Documents/CS_184_Foundation_of_Computer_Graphics_and_Imaging/p4-clothsim-sp22-almost-done/xcode/ext/nanogui/ext_build/glfw";
				USE_HEADERMAP = NO;
				WARNING_CFLAGS = ("$(inherited)");
			};
			name = MinSizeRel;
		};
		F0592CB0CF7047AAA3FB07CD /* RelWithDebInfo */ = {
			isa = XCBuildConfiguration;
			buildSettings = {
				COMBINE_HIDPI_IMAGES = YES;
				CONFIGURATION_BUILD_DIR = "/Users/imankonjo2020/Documents/CS_184_Foundation_of_Computer_Graphics_and_Imaging/p4-clothsim-sp22-almost-done/xcode/ext/nanogui/ext_build/glfw/src/RelWithDebInfo";
				DYLIB_COMPATIBILITY_VERSION = "";
				DYLIB_CURRENT_VERSION = "";
				EXECUTABLE_PREFIX = lib;
				EXECUTABLE_SUFFIX = .dylib;
				GCC_GENERATE_DEBUGGING_SYMBOLS = YES;
				GCC_INLINES_ARE_PRIVATE_EXTERN = NO;
				GCC_OPTIMIZATION_LEVEL = 2;
				GCC_PREPROCESSOR_DEFINITIONS = ("'CMAKE_INTDIR=\"$(CONFIGURATION)$(EFFECTIVE_PLATFORM_NAME)\"'",glfw_EXPORTS,"$(inherited)");
				GCC_SYMBOLS_PRIVATE_EXTERN = NO;
				INSTALL_PATH = "@rpath";
				LIBRARY_STYLE = DYNAMIC;
				OTHER_CFLAGS = (" -Wno-deprecated-declarations        -DNDEBUG -fPIC ","$(inherited)");
				OTHER_LDFLAGS = (" -dynamiclib -Wl,-headerpad_max_install_names","/Users/imankonjo2020/Documents/CS_184_Foundation_of_Computer_Graphics_and_Imaging/p4-clothsim-sp22-almost-done/xcode/ext/nanogui/ext_build/glfw/src/$(PROJECT_NAME).build/$(CONFIGURATION)$(EFFECTIVE_PLATFORM_NAME)/glfw_objects.build/$(OBJECT_FILE_DIR_normal:base)/x86_64/context.o","/Users/imankonjo2020/Documents/CS_184_Foundation_of_Computer_Graphics_and_Imaging/p4-clothsim-sp22-almost-done/xcode/ext/nanogui/ext_build/glfw/src/$(PROJECT_NAME).build/$(CONFIGURATION)$(EFFECTIVE_PLATFORM_NAME)/glfw_objects.build/$(OBJECT_FILE_DIR_normal:base)/x86_64/init.o","/Users/imankonjo2020/Documents/CS_184_Foundation_of_Computer_Graphics_and_Imaging/p4-clothsim-sp22-almost-done/xcode/ext/nanogui/ext_build/glfw/src/$(PROJECT_NAME).build/$(CONFIGURATION)$(EFFECTIVE_PLATFORM_NAME)/glfw_objects.build/$(OBJECT_FILE_DIR_normal:base)/x86_64/input.o","/Users/imankonjo2020/Documents/CS_184_Foundation_of_Computer_Graphics_and_Imaging/p4-clothsim-sp22-almost-done/xcode/ext/nanogui/ext_build/glfw/src/$(PROJECT_NAME).build/$(CONFIGURATION)$(EFFECTIVE_PLATFORM_NAME)/glfw_objects.build/$(OBJECT_FILE_DIR_normal:base)/x86_64/monitor.o","/Users/imankonjo2020/Documents/CS_184_Foundation_of_Computer_Graphics_and_Imaging/p4-clothsim-sp22-almost-done/xcode/ext/nanogui/ext_build/glfw/src/$(PROJECT_NAME).build/$(CONFIGURATION)$(EFFECTIVE_PLATFORM_NAME)/glfw_objects.build/$(OBJECT_FILE_DIR_normal:base)/x86_64/vulkan.o","/Users/imankonjo2020/Documents/CS_184_Foundation_of_Computer_Graphics_and_Imaging/p4-clothsim-sp22-almost-done/xcode/ext/nanogui/ext_build/glfw/src/$(PROJECT_NAME).build/$(CONFIGURATION)$(EFFECTIVE_PLATFORM_NAME)/glfw_objects.build/$(OBJECT_FILE_DIR_normal:base)/x86_64/window.o","/Users/imankonjo2020/Documents/CS_184_Foundation_of_Computer_Graphics_and_Imaging/p4-clothsim-sp22-almost-done/xcode/ext/nanogui/ext_build/glfw/src/$(PROJECT_NAME).build/$(CONFIGURATION)$(EFFECTIVE_PLATFORM_NAME)/glfw_objects.build/$(OBJECT_FILE_DIR_normal:base)/x86_64/cocoa_init.o","/Users/imankonjo2020/Documents/CS_184_Foundation_of_Computer_Graphics_and_Imaging/p4-clothsim-sp22-almost-done/xcode/ext/nanogui/ext_build/glfw/src/$(PROJECT_NAME).build/$(CONFIGURATION)$(EFFECTIVE_PLATFORM_NAME)/glfw_objects.build/$(OBJECT_FILE_DIR_normal:base)/x86_64/cocoa_joystick.o","/Users/imankonjo2020/Documents/CS_184_Foundation_of_Computer_Graphics_and_Imaging/p4-clothsim-sp22-almost-done/xcode/ext/nanogui/ext_build/glfw/src/$(PROJECT_NAME).build/$(CONFIGURATION)$(EFFECTIVE_PLATFORM_NAME)/glfw_objects.build/$(OBJECT_FILE_DIR_normal:base)/x86_64/cocoa_monitor.o","/Users/imankonjo2020/Documents/CS_184_Foundation_of_Computer_Graphics_and_Imaging/p4-clothsim-sp22-almost-done/xcode/ext/nanogui/ext_build/glfw/src/$(PROJECT_NAME).build/$(CONFIGURATION)$(EFFECTIVE_PLATFORM_NAME)/glfw_objects.build/$(OBJECT_FILE_DIR_normal:base)/x86_64/cocoa_window.o","/Users/imankonjo2020/Documents/CS_184_Foundation_of_Computer_Graphics_and_Imaging/p4-clothsim-sp22-almost-done/xcode/ext/nanogui/ext_build/glfw/src/$(PROJECT_NAME).build/$(CONFIGURATION)$(EFFECTIVE_PLATFORM_NAME)/glfw_objects.build/$(OBJECT_FILE_DIR_normal:base)/x86_64/cocoa_time.o","/Users/imankonjo2020/Documents/CS_184_Foundation_of_Computer_Graphics_and_Imaging/p4-clothsim-sp22-almost-done/xcode/ext/nanogui/ext_build/glfw/src/$(PROJECT_NAME).build/$(CONFIGURATION)$(EFFECTIVE_PLATFORM_NAME)/glfw_objects.build/$(OBJECT_FILE_DIR_normal:base)/x86_64/posix_tls.o","/Users/imankonjo2020/Documents/CS_184_Foundation_of_Computer_Graphics_and_Imaging/p4-clothsim-sp22-almost-done/xcode/ext/nanogui/ext_build/glfw/src/$(PROJECT_NAME).build/$(CONFIGURATION)$(EFFECTIVE_PLATFORM_NAME)/glfw_objects.build/$(OBJECT_FILE_DIR_normal:base)/x86_64/nsgl_context.o","-framework Cocoa","-framework IOKit","-framework CoreFoundation","-framework CoreVideo","$(inherited)");
				OTHER_REZFLAGS = "";
				PRODUCT_NAME = glfw;
				SECTORDER_FLAGS = "";
				SYMROOT = "/Users/imankonjo2020/Documents/CS_184_Foundation_of_Computer_Graphics_and_Imaging/p4-clothsim-sp22-almost-done/xcode/ext/nanogui/ext_build/glfw/src";
				USE_HEADERMAP = NO;
				WARNING_CFLAGS = ("$(inherited)");
			};
			name = RelWithDebInfo;
		};
/* End XCBuildConfiguration section */

/* Begin XCConfigurationList section */
		0E559E8CA3DC4E9F8E9C95F1 /* Build configuration list for PBXAggregateTarget "ZERO_CHECK" */ = {
			isa = XCConfigurationList;
			buildConfigurations = (
				65231087596E40C98203C1DF /* Debug */,
				646C0FF65B1646F68DDC4A14 /* Release */,
				55C00E3E4BAD4E20A0D8280B /* MinSizeRel */,
				276EF7DAA0154EF7ABF96A47 /* RelWithDebInfo */,
			);
			defaultConfigurationIsVisible = 0;
			defaultConfigurationName = Debug;
		};
		7A822836C8964E119B33577D /* Build configuration list for PBXNativeTarget "glfw" */ = {
			isa = XCConfigurationList;
			buildConfigurations = (
				4450F71A555D4F29BB783C3B /* Debug */,
				765CD21F15DF498CBCEBB014 /* Release */,
				7AAB6CC99D0C49AA9B0EAD70 /* MinSizeRel */,
				F0592CB0CF7047AAA3FB07CD /* RelWithDebInfo */,
			);
			defaultConfigurationIsVisible = 0;
			defaultConfigurationName = Debug;
		};
		7CFB504D92D64FD997D185CF /* Build configuration list for PBXAggregateTarget "ALL_BUILD" */ = {
			isa = XCConfigurationList;
			buildConfigurations = (
				331C38CDD597456F90BF2CDA /* Debug */,
				68CC47932DAD4DBDB98AAAC4 /* Release */,
				71B4C0E4EA294322895A0467 /* MinSizeRel */,
				88088615114D4159B13F119C /* RelWithDebInfo */,
			);
			defaultConfigurationIsVisible = 0;
			defaultConfigurationName = Debug;
		};
		8F3415506AE04A078E094291 /* Build configuration list for PBXAggregateTarget "install" */ = {
			isa = XCConfigurationList;
			buildConfigurations = (
				A05A7873A56F4BE0986ABEB7 /* Debug */,
				7805C13E159548B493931883 /* Release */,
				CA2572CF00F842FBBC3FDEF6 /* MinSizeRel */,
				9AFEE31CA1074D32AC0335CA /* RelWithDebInfo */,
			);
			defaultConfigurationIsVisible = 0;
			defaultConfigurationName = Debug;
		};
		D4F04F8209CE4E6385AFC1C5 /* Build configuration list for PBXProject "GLFW" */ = {
			isa = XCConfigurationList;
			buildConfigurations = (
				1E4453D5501C4846A4733336 /* Debug */,
				5DB1D2FF1E6C42EE8A4074EB /* Release */,
				C1B7C4E62BFB42188AE6EC75 /* MinSizeRel */,
				BF810A503EBE4ACB9613515C /* RelWithDebInfo */,
			);
			defaultConfigurationIsVisible = 0;
			defaultConfigurationName = Debug;
		};
		DC8EFEB26BE5412599579773 /* Build configuration list for PBXNativeTarget "glfw_objects" */ = {
			isa = XCConfigurationList;
			buildConfigurations = (
				165BDEF4BBE14158B40FD5F4 /* Debug */,
				B0911BA708314700975D4AA8 /* Release */,
				83B63A9BE03E4562A551C671 /* MinSizeRel */,
				BC1017BF985643CAA6A36876 /* RelWithDebInfo */,
			);
			defaultConfigurationIsVisible = 0;
			defaultConfigurationName = Debug;
		};
/* End XCConfigurationList section */
	};
	rootObject = 669F600252BE4B84B6478E39 /* Project object */;
}
